// !$*UTF8*$!
{
	archiveVersion = 1;
	classes = {
	};
	objectVersion = 77;
	objects = {

/* Begin PBXBuildFile section */
		631AB35B2DD389FC005AA749 /* NMapsMap in Frameworks */ = {isa = PBXBuildFile; productRef = 631AB35A2DD389FC005AA749 /* NMapsMap */; };
		631AB3612DD5B312005AA749 /* BottomSheetContainerView.swift in Sources */ = {isa = PBXBuildFile; fileRef = 631AB3602DD5B311005AA749 /* BottomSheetContainerView.swift */; };
		632279AC2DDC059D00C55901 /* PlaceShapeStore.swift in Sources */ = {isa = PBXBuildFile; fileRef = 632279A62DDC059D00C55901 /* PlaceShapeStore.swift */; };
		63793A232DDCC37A00F425E9 /* SavedBottomSheetViewModel.swift in Sources */ = {isa = PBXBuildFile; fileRef = 63793A222DDCC37A00F425E9 /* SavedBottomSheetViewModel.swift */; };
		63793A262DDCDA2400F425E9 /* PassThroughView.swift in Sources */ = {isa = PBXBuildFile; fileRef = 63793A252DDCDA2400F425E9 /* PassThroughView.swift */; };
		63793A292DDCE6D300F425E9 /* ShapeSelectionCoordinator.swift in Sources */ = {isa = PBXBuildFile; fileRef = 63793A272DDCE6D300F425E9 /* ShapeSelectionCoordinator.swift */; };
		63793A2B2DDCFAED00F425E9 /* ShapeDetailViewController.swift in Sources */ = {isa = PBXBuildFile; fileRef = 63793A2A2DDCFAED00F425E9 /* ShapeDetailViewController.swift */; };
		6392D8B52DE340AF0016C49D /* SettingManager.swift in Sources */ = {isa = PBXBuildFile; fileRef = 6392D8B42DE3409C0016C49D /* SettingManager.swift */; };
		6392D8B72DE345750016C49D /* ShapeManager.swift in Sources */ = {isa = PBXBuildFile; fileRef = 6392D8B62DE345750016C49D /* ShapeManager.swift */; };
		6392D8B92DE346770016C49D /* LocationManager.swift in Sources */ = {isa = PBXBuildFile; fileRef = 6392D8B82DE346770016C49D /* LocationManager.swift */; };
		6392D8BB2DE37BD80016C49D /* ColorPickerViewController.swift in Sources */ = {isa = PBXBuildFile; fileRef = 6392D8BA2DE37BCD0016C49D /* ColorPickerViewController.swift */; };
		6392D8BD2DE389A00016C49D /* NotiName.swift in Sources */ = {isa = PBXBuildFile; fileRef = 6392D8BC2DE389970016C49D /* NotiName.swift */; };
		6392D8BF2DE393750016C49D /* DateFormatter+Korean.swift in Sources */ = {isa = PBXBuildFile; fileRef = 6392D8BE2DE393730016C49D /* DateFormatter+Korean.swift */; };
		6392D8C12DE720BB0016C49D /* AddShapePopupViewController.swift in Sources */ = {isa = PBXBuildFile; fileRef = 6392D8C02DE720B90016C49D /* AddShapePopupViewController.swift */; };
		63AFEF062DDB75A600D8866B /* ColorManager.swift in Sources */ = {isa = PBXBuildFile; fileRef = 63AFEF052DDB75A100D8866B /* ColorManager.swift */; };
		63AFEF082DDB7B9300D8866B /* SampleShapeLoader.swift in Sources */ = {isa = PBXBuildFile; fileRef = 63AFEF072DDB7B8B00D8866B /* SampleShapeLoader.swift */; };
		63C0578C2DD2F8ED0044CF9B /* Assets.xcassets in Resources */ = {isa = PBXBuildFile; fileRef = 63C057812DD2F8ED0044CF9B /* Assets.xcassets */; };
		63C0578E2DD2F8ED0044CF9B /* LaunchScreen.storyboard in Resources */ = {isa = PBXBuildFile; fileRef = 63C057842DD2F8ED0044CF9B /* LaunchScreen.storyboard */; };
		63C0578F2DD2F8ED0044CF9B /* Main.storyboard in Resources */ = {isa = PBXBuildFile; fileRef = 63C057862DD2F8ED0044CF9B /* Main.storyboard */; };
		63C057902DD2F8ED0044CF9B /* AppDelegate.swift in Sources */ = {isa = PBXBuildFile; fileRef = 63C057802DD2F8ED0044CF9B /* AppDelegate.swift */; };
		63C057922DD2F8ED0044CF9B /* SceneDelegate.swift in Sources */ = {isa = PBXBuildFile; fileRef = 63C057882DD2F8ED0044CF9B /* SceneDelegate.swift */; };
		63C057972DD310CC0044CF9B /* MapViewController.swift in Sources */ = {isa = PBXBuildFile; fileRef = 63C057962DD310C10044CF9B /* MapViewController.swift */; };
		63C057992DD310D40044CF9B /* SavedViewController.swift in Sources */ = {isa = PBXBuildFile; fileRef = 63C057982DD310D00044CF9B /* SavedViewController.swift */; };
		63C0579B2DD310DE0044CF9B /* SettingViewController.swift in Sources */ = {isa = PBXBuildFile; fileRef = 63C0579A2DD310D90044CF9B /* SettingViewController.swift */; };
		63C0579D2DD3134B0044CF9B /* IntroViewController.swift in Sources */ = {isa = PBXBuildFile; fileRef = 63C0579C2DD313450044CF9B /* IntroViewController.swift */; };
		63C0579F2DD314030044CF9B /* MainTabBarController.swift in Sources */ = {isa = PBXBuildFile; fileRef = 63C0579E2DD313F80044CF9B /* MainTabBarController.swift */; };
		63C057A12DD31F5C0044CF9B /* PlaceShape.swift in Sources */ = {isa = PBXBuildFile; fileRef = 63C057A02DD31F570044CF9B /* PlaceShape.swift */; };
		63C057A32DD31F700044CF9B /* Coordinate.swift in Sources */ = {isa = PBXBuildFile; fileRef = 63C057A22DD31F680044CF9B /* Coordinate.swift */; };
		63C057AA2DD320B00044CF9B /* SavedShapeViewCell.swift in Sources */ = {isa = PBXBuildFile; fileRef = 63C057A92DD320AE0044CF9B /* SavedShapeViewCell.swift */; };
		63C057B02DD325610044CF9B /* SavedBottomSheetViewController.swift in Sources */ = {isa = PBXBuildFile; fileRef = 63C057AF2DD3255F0044CF9B /* SavedBottomSheetViewController.swift */; };
		63C8059E2DE20B0F00F3428B /* NaverGeocodingService.swift in Sources */ = {isa = PBXBuildFile; fileRef = 63C8059D2DE20B0F00F3428B /* NaverGeocodingService.swift */; };
		63C805A12DE30E9000F3428B /* Solar in Frameworks */ = {isa = PBXBuildFile; productRef = 63C805A02DE30E9000F3428B /* Solar */; };
		63F3F5FD2DD34C00004C546F /* AppInfo.swift in Sources */ = {isa = PBXBuildFile; fileRef = 63F3F5FC2DD34BFE004C546F /* AppInfo.swift */; };
		63F3F6012DD3525A004C546F /* WebKit.framework in Frameworks */ = {isa = PBXBuildFile; fileRef = 63F3F5FF2DD35156004C546F /* WebKit.framework */; };
/* End PBXBuildFile section */

/* Begin PBXContainerItemProxy section */
		63C0575C2DD2F6540044CF9B /* PBXContainerItemProxy */ = {
			isa = PBXContainerItemProxy;
			containerPortal = 63C0573A2DD2F6530044CF9B /* Project object */;
			proxyType = 1;
			remoteGlobalIDString = 63C057412DD2F6530044CF9B;
			remoteInfo = MapSketch;
		};
		63C057662DD2F6540044CF9B /* PBXContainerItemProxy */ = {
			isa = PBXContainerItemProxy;
			containerPortal = 63C0573A2DD2F6530044CF9B /* Project object */;
			proxyType = 1;
			remoteGlobalIDString = 63C057412DD2F6530044CF9B;
			remoteInfo = MapSketch;
		};
/* End PBXContainerItemProxy section */

/* Begin PBXFileReference section */
		631AB3602DD5B311005AA749 /* BottomSheetContainerView.swift */ = {isa = PBXFileReference; lastKnownFileType = sourcecode.swift; path = BottomSheetContainerView.swift; sourceTree = "<group>"; };
		632279A62DDC059D00C55901 /* PlaceShapeStore.swift */ = {isa = PBXFileReference; lastKnownFileType = sourcecode.swift; path = PlaceShapeStore.swift; sourceTree = "<group>"; };
		63793A222DDCC37A00F425E9 /* SavedBottomSheetViewModel.swift */ = {isa = PBXFileReference; lastKnownFileType = sourcecode.swift; path = SavedBottomSheetViewModel.swift; sourceTree = "<group>"; };
		63793A252DDCDA2400F425E9 /* PassThroughView.swift */ = {isa = PBXFileReference; lastKnownFileType = sourcecode.swift; path = PassThroughView.swift; sourceTree = "<group>"; };
		63793A272DDCE6D300F425E9 /* ShapeSelectionCoordinator.swift */ = {isa = PBXFileReference; lastKnownFileType = sourcecode.swift; path = ShapeSelectionCoordinator.swift; sourceTree = "<group>"; };
		63793A2A2DDCFAED00F425E9 /* ShapeDetailViewController.swift */ = {isa = PBXFileReference; lastKnownFileType = sourcecode.swift; path = ShapeDetailViewController.swift; sourceTree = "<group>"; };
		6392D8B42DE3409C0016C49D /* SettingManager.swift */ = {isa = PBXFileReference; lastKnownFileType = sourcecode.swift; path = SettingManager.swift; sourceTree = "<group>"; };
		6392D8B62DE345750016C49D /* ShapeManager.swift */ = {isa = PBXFileReference; lastKnownFileType = sourcecode.swift; path = ShapeManager.swift; sourceTree = "<group>"; };
		6392D8B82DE346770016C49D /* LocationManager.swift */ = {isa = PBXFileReference; lastKnownFileType = sourcecode.swift; path = LocationManager.swift; sourceTree = "<group>"; };
		6392D8BA2DE37BCD0016C49D /* ColorPickerViewController.swift */ = {isa = PBXFileReference; lastKnownFileType = sourcecode.swift; path = ColorPickerViewController.swift; sourceTree = "<group>"; };
		6392D8BC2DE389970016C49D /* NotiName.swift */ = {isa = PBXFileReference; lastKnownFileType = sourcecode.swift; path = NotiName.swift; sourceTree = "<group>"; };
		6392D8BE2DE393730016C49D /* DateFormatter+Korean.swift */ = {isa = PBXFileReference; lastKnownFileType = sourcecode.swift; path = "DateFormatter+Korean.swift"; sourceTree = "<group>"; };
		6392D8C02DE720B90016C49D /* AddShapePopupViewController.swift */ = {isa = PBXFileReference; lastKnownFileType = sourcecode.swift; path = AddShapePopupViewController.swift; sourceTree = "<group>"; };
		63AFEF052DDB75A100D8866B /* ColorManager.swift */ = {isa = PBXFileReference; lastKnownFileType = sourcecode.swift; path = ColorManager.swift; sourceTree = "<group>"; };
		63AFEF072DDB7B8B00D8866B /* SampleShapeLoader.swift */ = {isa = PBXFileReference; lastKnownFileType = sourcecode.swift; path = SampleShapeLoader.swift; sourceTree = "<group>"; };
		63C057422DD2F6530044CF9B /* DronePass.app */ = {isa = PBXFileReference; explicitFileType = wrapper.application; includeInIndex = 0; path = DronePass.app; sourceTree = BUILT_PRODUCTS_DIR; };
		63C0575B2DD2F6540044CF9B /* DronePassTests.xctest */ = {isa = PBXFileReference; explicitFileType = wrapper.cfbundle; includeInIndex = 0; path = DronePassTests.xctest; sourceTree = BUILT_PRODUCTS_DIR; };
		63C057652DD2F6540044CF9B /* DronePassUITests.xctest */ = {isa = PBXFileReference; explicitFileType = wrapper.cfbundle; includeInIndex = 0; path = DronePassUITests.xctest; sourceTree = BUILT_PRODUCTS_DIR; };
		63C057802DD2F8ED0044CF9B /* AppDelegate.swift */ = {isa = PBXFileReference; lastKnownFileType = sourcecode.swift; path = AppDelegate.swift; sourceTree = "<group>"; };
		63C057812DD2F8ED0044CF9B /* Assets.xcassets */ = {isa = PBXFileReference; lastKnownFileType = folder.assetcatalog; path = Assets.xcassets; sourceTree = "<group>"; };
		63C057822DD2F8ED0044CF9B /* Info.plist */ = {isa = PBXFileReference; lastKnownFileType = text.plist.xml; path = Info.plist; sourceTree = "<group>"; };
		63C057832DD2F8ED0044CF9B /* Base */ = {isa = PBXFileReference; lastKnownFileType = file.storyboard; name = Base; path = Base.lproj/LaunchScreen.storyboard; sourceTree = "<group>"; };
		63C057852DD2F8ED0044CF9B /* Base */ = {isa = PBXFileReference; lastKnownFileType = file.storyboard; name = Base; path = Base.lproj/Main.storyboard; sourceTree = "<group>"; };
		63C057882DD2F8ED0044CF9B /* SceneDelegate.swift */ = {isa = PBXFileReference; lastKnownFileType = sourcecode.swift; path = SceneDelegate.swift; sourceTree = "<group>"; };
		63C057962DD310C10044CF9B /* MapViewController.swift */ = {isa = PBXFileReference; lastKnownFileType = sourcecode.swift; path = MapViewController.swift; sourceTree = "<group>"; };
		63C057982DD310D00044CF9B /* SavedViewController.swift */ = {isa = PBXFileReference; lastKnownFileType = sourcecode.swift; path = SavedViewController.swift; sourceTree = "<group>"; };
		63C0579A2DD310D90044CF9B /* SettingViewController.swift */ = {isa = PBXFileReference; lastKnownFileType = sourcecode.swift; path = SettingViewController.swift; sourceTree = "<group>"; };
		63C0579C2DD313450044CF9B /* IntroViewController.swift */ = {isa = PBXFileReference; lastKnownFileType = sourcecode.swift; path = IntroViewController.swift; sourceTree = "<group>"; };
		63C0579E2DD313F80044CF9B /* MainTabBarController.swift */ = {isa = PBXFileReference; lastKnownFileType = sourcecode.swift; path = MainTabBarController.swift; sourceTree = "<group>"; };
		63C057A02DD31F570044CF9B /* PlaceShape.swift */ = {isa = PBXFileReference; lastKnownFileType = sourcecode.swift; path = PlaceShape.swift; sourceTree = "<group>"; };
		63C057A22DD31F680044CF9B /* Coordinate.swift */ = {isa = PBXFileReference; lastKnownFileType = sourcecode.swift; path = Coordinate.swift; sourceTree = "<group>"; };
		63C057A92DD320AE0044CF9B /* SavedShapeViewCell.swift */ = {isa = PBXFileReference; lastKnownFileType = sourcecode.swift; path = SavedShapeViewCell.swift; sourceTree = "<group>"; };
		63C057AF2DD3255F0044CF9B /* SavedBottomSheetViewController.swift */ = {isa = PBXFileReference; lastKnownFileType = sourcecode.swift; path = SavedBottomSheetViewController.swift; sourceTree = "<group>"; };
		63C8059D2DE20B0F00F3428B /* NaverGeocodingService.swift */ = {isa = PBXFileReference; lastKnownFileType = sourcecode.swift; path = NaverGeocodingService.swift; sourceTree = "<group>"; };
		63C805A22DE3203E00F3428B /* MapSketch.entitlements */ = {isa = PBXFileReference; lastKnownFileType = text.plist.entitlements; path = MapSketch.entitlements; sourceTree = "<group>"; };
		63F3F5FC2DD34BFE004C546F /* AppInfo.swift */ = {isa = PBXFileReference; lastKnownFileType = sourcecode.swift; path = AppInfo.swift; sourceTree = "<group>"; };
		63F3F5FF2DD35156004C546F /* WebKit.framework */ = {isa = PBXFileReference; lastKnownFileType = wrapper.framework; name = WebKit.framework; path = System/Library/Frameworks/WebKit.framework; sourceTree = SDKROOT; };
/* End PBXFileReference section */

/* Begin PBXFileSystemSynchronizedRootGroup section */
		63C0575E2DD2F6540044CF9B /* MapSketchTests */ = {
			isa = PBXFileSystemSynchronizedRootGroup;
			path = MapSketchTests;
			sourceTree = "<group>";
		};
		63C057682DD2F6540044CF9B /* MapSketchUITests */ = {
			isa = PBXFileSystemSynchronizedRootGroup;
			path = MapSketchUITests;
			sourceTree = "<group>";
		};
/* End PBXFileSystemSynchronizedRootGroup section */

/* Begin PBXFrameworksBuildPhase section */
		63C0573F2DD2F6530044CF9B /* Frameworks */ = {
			isa = PBXFrameworksBuildPhase;
			buildActionMask = 2147483647;
			files = (
				63C805A12DE30E9000F3428B /* Solar in Frameworks */,
				63F3F6012DD3525A004C546F /* WebKit.framework in Frameworks */,
				631AB35B2DD389FC005AA749 /* NMapsMap in Frameworks */,
			);
			runOnlyForDeploymentPostprocessing = 0;
		};
		63C057582DD2F6540044CF9B /* Frameworks */ = {
			isa = PBXFrameworksBuildPhase;
			buildActionMask = 2147483647;
			files = (
			);
			runOnlyForDeploymentPostprocessing = 0;
		};
		63C057622DD2F6540044CF9B /* Frameworks */ = {
			isa = PBXFrameworksBuildPhase;
			buildActionMask = 2147483647;
			files = (
			);
			runOnlyForDeploymentPostprocessing = 0;
		};
/* End PBXFrameworksBuildPhase section */

/* Begin PBXGroup section */
		632279A92DDC059D00C55901 /* Storage */ = {
			isa = PBXGroup;
			children = (
				632279A62DDC059D00C55901 /* PlaceShapeStore.swift */,
			);
			path = Storage;
			sourceTree = "<group>";
		};
		63793A212DDCC36F00F425E9 /* ViewModel */ = {
			isa = PBXGroup;
			children = (
				63793A222DDCC37A00F425E9 /* SavedBottomSheetViewModel.swift */,
			);
			path = ViewModel;
			sourceTree = "<group>";
		};
		63793A282DDCE6D300F425E9 /* Core */ = {
			isa = PBXGroup;
			children = (
				6392D8BE2DE393730016C49D /* DateFormatter+Korean.swift */,
				63C8059D2DE20B0F00F3428B /* NaverGeocodingService.swift */,
				63793A272DDCE6D300F425E9 /* ShapeSelectionCoordinator.swift */,
			);
			path = Core;
			sourceTree = "<group>";
		};
		63C057392DD2F6530044CF9B = {
			isa = PBXGroup;
			children = (
				63C0578A2DD2F8ED0044CF9B /* MapSketch */,
				63C0575E2DD2F6540044CF9B /* MapSketchTests */,
				63C057682DD2F6540044CF9B /* MapSketchUITests */,
				63F3F5FE2DD35156004C546F /* Frameworks */,
				63C057432DD2F6530044CF9B /* Products */,
			);
			sourceTree = "<group>";
		};
		63C057432DD2F6530044CF9B /* Products */ = {
			isa = PBXGroup;
			children = (
				63C057422DD2F6530044CF9B /* DronePass.app */,
				63C0575B2DD2F6540044CF9B /* DronePassTests.xctest */,
				63C057652DD2F6540044CF9B /* DronePassUITests.xctest */,
			);
			name = Products;
			sourceTree = "<group>";
		};
		63C0577D2DD2F8ED0044CF9B /* Controller */ = {
			isa = PBXGroup;
			children = (
				6392D8C02DE720B90016C49D /* AddShapePopupViewController.swift */,
				6392D8BA2DE37BCD0016C49D /* ColorPickerViewController.swift */,
				63C0579C2DD313450044CF9B /* IntroViewController.swift */,
				63C0579E2DD313F80044CF9B /* MainTabBarController.swift */,
				63C057962DD310C10044CF9B /* MapViewController.swift */,
				63C0579A2DD310D90044CF9B /* SettingViewController.swift */,
				63C057982DD310D00044CF9B /* SavedViewController.swift */,
				63C057AF2DD3255F0044CF9B /* SavedBottomSheetViewController.swift */,
				63793A2A2DDCFAED00F425E9 /* ShapeDetailViewController.swift */,
				631AB3602DD5B311005AA749 /* BottomSheetContainerView.swift */,
				63793A252DDCDA2400F425E9 /* PassThroughView.swift */,
			);
			path = Controller;
			sourceTree = "<group>";
		};
		63C0577E2DD2F8ED0044CF9B /* Model */ = {
			isa = PBXGroup;
			children = (
				6392D8BC2DE389970016C49D /* NotiName.swift */,
				6392D8B82DE346770016C49D /* LocationManager.swift */,
				6392D8B62DE345750016C49D /* ShapeManager.swift */,
				6392D8B42DE3409C0016C49D /* SettingManager.swift */,
				632279A92DDC059D00C55901 /* Storage */,
				63AFEF052DDB75A100D8866B /* ColorManager.swift */,
				63C057A02DD31F570044CF9B /* PlaceShape.swift */,
				63C057A22DD31F680044CF9B /* Coordinate.swift */,
				63AFEF072DDB7B8B00D8866B /* SampleShapeLoader.swift */,
			);
			path = Model;
			sourceTree = "<group>";
		};
		63C0577F2DD2F8ED0044CF9B /* View */ = {
			isa = PBXGroup;
			children = (
				63C057A92DD320AE0044CF9B /* SavedShapeViewCell.swift */,
			);
			path = View;
			sourceTree = "<group>";
		};
		63C0578A2DD2F8ED0044CF9B /* MapSketch */ = {
			isa = PBXGroup;
			children = (
				63C805A22DE3203E00F3428B /* MapSketch.entitlements */,
				63793A282DDCE6D300F425E9 /* Core */,
				63793A212DDCC36F00F425E9 /* ViewModel */,
				63F3F5FC2DD34BFE004C546F /* AppInfo.swift */,
				63C057802DD2F8ED0044CF9B /* AppDelegate.swift */,
				63C057882DD2F8ED0044CF9B /* SceneDelegate.swift */,
				63C0577E2DD2F8ED0044CF9B /* Model */,
				63C0577F2DD2F8ED0044CF9B /* View */,
				63C0577D2DD2F8ED0044CF9B /* Controller */,
				63C057812DD2F8ED0044CF9B /* Assets.xcassets */,
				63C057822DD2F8ED0044CF9B /* Info.plist */,
				63C057842DD2F8ED0044CF9B /* LaunchScreen.storyboard */,
				63C057862DD2F8ED0044CF9B /* Main.storyboard */,
			);
			path = MapSketch;
			sourceTree = "<group>";
		};
		63F3F5FE2DD35156004C546F /* Frameworks */ = {
			isa = PBXGroup;
			children = (
				63F3F5FF2DD35156004C546F /* WebKit.framework */,
			);
			name = Frameworks;
			sourceTree = "<group>";
		};
/* End PBXGroup section */

/* Begin PBXNativeTarget section */
		63C057412DD2F6530044CF9B /* DronePass */ = {
			isa = PBXNativeTarget;
			buildConfigurationList = 63C0576E2DD2F6540044CF9B /* Build configuration list for PBXNativeTarget "DronePass" */;
			buildPhases = (
				63C0573E2DD2F6530044CF9B /* Sources */,
				63C0573F2DD2F6530044CF9B /* Frameworks */,
				63C057402DD2F6530044CF9B /* Resources */,
			);
			buildRules = (
			);
			dependencies = (
			);
			name = DronePass;
			packageProductDependencies = (
				631AB35A2DD389FC005AA749 /* NMapsMap */,
				63C805A02DE30E9000F3428B /* Solar */,
			);
			productName = MapSketch;
			productReference = 63C057422DD2F6530044CF9B /* DronePass.app */;
			productType = "com.apple.product-type.application";
		};
		63C0575A2DD2F6540044CF9B /* DronePassTests */ = {
			isa = PBXNativeTarget;
			buildConfigurationList = 63C057732DD2F6540044CF9B /* Build configuration list for PBXNativeTarget "DronePassTests" */;
			buildPhases = (
				63C057572DD2F6540044CF9B /* Sources */,
				63C057582DD2F6540044CF9B /* Frameworks */,
				63C057592DD2F6540044CF9B /* Resources */,
			);
			buildRules = (
			);
			dependencies = (
				63C0575D2DD2F6540044CF9B /* PBXTargetDependency */,
			);
			fileSystemSynchronizedGroups = (
				63C0575E2DD2F6540044CF9B /* MapSketchTests */,
			);
			name = DronePassTests;
			packageProductDependencies = (
			);
			productName = MapSketchTests;
			productReference = 63C0575B2DD2F6540044CF9B /* DronePassTests.xctest */;
			productType = "com.apple.product-type.bundle.unit-test";
		};
		63C057642DD2F6540044CF9B /* DronePassUITests */ = {
			isa = PBXNativeTarget;
			buildConfigurationList = 63C057762DD2F6540044CF9B /* Build configuration list for PBXNativeTarget "DronePassUITests" */;
			buildPhases = (
				63C057612DD2F6540044CF9B /* Sources */,
				63C057622DD2F6540044CF9B /* Frameworks */,
				63C057632DD2F6540044CF9B /* Resources */,
			);
			buildRules = (
			);
			dependencies = (
				63C057672DD2F6540044CF9B /* PBXTargetDependency */,
			);
			fileSystemSynchronizedGroups = (
				63C057682DD2F6540044CF9B /* MapSketchUITests */,
			);
			name = DronePassUITests;
			packageProductDependencies = (
			);
			productName = MapSketchUITests;
			productReference = 63C057652DD2F6540044CF9B /* DronePassUITests.xctest */;
			productType = "com.apple.product-type.bundle.ui-testing";
		};
/* End PBXNativeTarget section */

/* Begin PBXProject section */
		63C0573A2DD2F6530044CF9B /* Project object */ = {
			isa = PBXProject;
			attributes = {
				BuildIndependentTargetsInParallel = 1;
				LastSwiftUpdateCheck = 1630;
				LastUpgradeCheck = 1630;
				TargetAttributes = {
					63C057412DD2F6530044CF9B = {
						CreatedOnToolsVersion = 16.3;
					};
					63C0575A2DD2F6540044CF9B = {
						CreatedOnToolsVersion = 16.3;
						TestTargetID = 63C057412DD2F6530044CF9B;
					};
					63C057642DD2F6540044CF9B = {
						CreatedOnToolsVersion = 16.3;
						TestTargetID = 63C057412DD2F6530044CF9B;
					};
				};
			};
			buildConfigurationList = 63C0573D2DD2F6530044CF9B /* Build configuration list for PBXProject "DronePass" */;
			developmentRegion = en;
			hasScannedForEncodings = 0;
			knownRegions = (
				en,
				Base,
			);
			mainGroup = 63C057392DD2F6530044CF9B;
			minimizedProjectReferenceProxies = 1;
			packageReferences = (
				631AB3592DD389FC005AA749 /* XCRemoteSwiftPackageReference "SPM-NMapsMap" */,
				63C8059F2DE30D1E00F3428B /* XCRemoteSwiftPackageReference "Solar" */,
			);
			preferredProjectObjectVersion = 77;
			productRefGroup = 63C057432DD2F6530044CF9B /* Products */;
			projectDirPath = "";
			projectRoot = "";
			targets = (
				63C057412DD2F6530044CF9B /* DronePass */,
				63C0575A2DD2F6540044CF9B /* DronePassTests */,
				63C057642DD2F6540044CF9B /* DronePassUITests */,
			);
		};
/* End PBXProject section */

/* Begin PBXResourcesBuildPhase section */
		63C057402DD2F6530044CF9B /* Resources */ = {
			isa = PBXResourcesBuildPhase;
			buildActionMask = 2147483647;
			files = (
				63C0578C2DD2F8ED0044CF9B /* Assets.xcassets in Resources */,
				63C0578E2DD2F8ED0044CF9B /* LaunchScreen.storyboard in Resources */,
				63C0578F2DD2F8ED0044CF9B /* Main.storyboard in Resources */,
			);
			runOnlyForDeploymentPostprocessing = 0;
		};
		63C057592DD2F6540044CF9B /* Resources */ = {
			isa = PBXResourcesBuildPhase;
			buildActionMask = 2147483647;
			files = (
			);
			runOnlyForDeploymentPostprocessing = 0;
		};
		63C057632DD2F6540044CF9B /* Resources */ = {
			isa = PBXResourcesBuildPhase;
			buildActionMask = 2147483647;
			files = (
			);
			runOnlyForDeploymentPostprocessing = 0;
		};
/* End PBXResourcesBuildPhase section */

/* Begin PBXSourcesBuildPhase section */
		63C0573E2DD2F6530044CF9B /* Sources */ = {
			isa = PBXSourcesBuildPhase;
			buildActionMask = 2147483647;
			files = (
				6392D8BB2DE37BD80016C49D /* ColorPickerViewController.swift in Sources */,
				63C057992DD310D40044CF9B /* SavedViewController.swift in Sources */,
				63C057902DD2F8ED0044CF9B /* AppDelegate.swift in Sources */,
				6392D8BD2DE389A00016C49D /* NotiName.swift in Sources */,
				6392D8B92DE346770016C49D /* LocationManager.swift in Sources */,
				6392D8BF2DE393750016C49D /* DateFormatter+Korean.swift in Sources */,
				63C057B02DD325610044CF9B /* SavedBottomSheetViewController.swift in Sources */,
				63793A262DDCDA2400F425E9 /* PassThroughView.swift in Sources */,
				63C0579F2DD314030044CF9B /* MainTabBarController.swift in Sources */,
				63C057AA2DD320B00044CF9B /* SavedShapeViewCell.swift in Sources */,
				63793A292DDCE6D300F425E9 /* ShapeSelectionCoordinator.swift in Sources */,
				63C057922DD2F8ED0044CF9B /* SceneDelegate.swift in Sources */,
				63C057A32DD31F700044CF9B /* Coordinate.swift in Sources */,
				6392D8B72DE345750016C49D /* ShapeManager.swift in Sources */,
				63C057A12DD31F5C0044CF9B /* PlaceShape.swift in Sources */,
				63C057972DD310CC0044CF9B /* MapViewController.swift in Sources */,
				63C0579B2DD310DE0044CF9B /* SettingViewController.swift in Sources */,
				63AFEF082DDB7B9300D8866B /* SampleShapeLoader.swift in Sources */,
				63C8059E2DE20B0F00F3428B /* NaverGeocodingService.swift in Sources */,
				6392D8C12DE720BB0016C49D /* AddShapePopupViewController.swift in Sources */,
				632279AC2DDC059D00C55901 /* PlaceShapeStore.swift in Sources */,
				63C0579D2DD3134B0044CF9B /* IntroViewController.swift in Sources */,
				63793A2B2DDCFAED00F425E9 /* ShapeDetailViewController.swift in Sources */,
				63793A232DDCC37A00F425E9 /* SavedBottomSheetViewModel.swift in Sources */,
				63AFEF062DDB75A600D8866B /* ColorManager.swift in Sources */,
				6392D8B52DE340AF0016C49D /* SettingManager.swift in Sources */,
				631AB3612DD5B312005AA749 /* BottomSheetContainerView.swift in Sources */,
				63F3F5FD2DD34C00004C546F /* AppInfo.swift in Sources */,
			);
			runOnlyForDeploymentPostprocessing = 0;
		};
		63C057572DD2F6540044CF9B /* Sources */ = {
			isa = PBXSourcesBuildPhase;
			buildActionMask = 2147483647;
			files = (
			);
			runOnlyForDeploymentPostprocessing = 0;
		};
		63C057612DD2F6540044CF9B /* Sources */ = {
			isa = PBXSourcesBuildPhase;
			buildActionMask = 2147483647;
			files = (
			);
			runOnlyForDeploymentPostprocessing = 0;
		};
/* End PBXSourcesBuildPhase section */

/* Begin PBXTargetDependency section */
		63C0575D2DD2F6540044CF9B /* PBXTargetDependency */ = {
			isa = PBXTargetDependency;
			target = 63C057412DD2F6530044CF9B /* DronePass */;
			targetProxy = 63C0575C2DD2F6540044CF9B /* PBXContainerItemProxy */;
		};
		63C057672DD2F6540044CF9B /* PBXTargetDependency */ = {
			isa = PBXTargetDependency;
			target = 63C057412DD2F6530044CF9B /* DronePass */;
			targetProxy = 63C057662DD2F6540044CF9B /* PBXContainerItemProxy */;
		};
/* End PBXTargetDependency section */

/* Begin PBXVariantGroup section */
		63C057842DD2F8ED0044CF9B /* LaunchScreen.storyboard */ = {
			isa = PBXVariantGroup;
			children = (
				63C057832DD2F8ED0044CF9B /* Base */,
			);
			name = LaunchScreen.storyboard;
			sourceTree = "<group>";
		};
		63C057862DD2F8ED0044CF9B /* Main.storyboard */ = {
			isa = PBXVariantGroup;
			children = (
				63C057852DD2F8ED0044CF9B /* Base */,
			);
			name = Main.storyboard;
			sourceTree = "<group>";
		};
/* End PBXVariantGroup section */

/* Begin XCBuildConfiguration section */
		63C0576F2DD2F6540044CF9B /* Debug */ = {
			isa = XCBuildConfiguration;
			buildSettings = {
				ASSETCATALOG_COMPILER_APPICON_NAME = AppIcon;
				ASSETCATALOG_COMPILER_GLOBAL_ACCENT_COLOR_NAME = AccentColor;
				ASSETCATALOG_COMPILER_INCLUDE_ALL_APPICON_ASSETS = YES;
				CODE_SIGN_ENTITLEMENTS = MapSketch/MapSketch.entitlements;
				CODE_SIGN_STYLE = Automatic;
				CURRENT_PROJECT_VERSION = 15;
				DEVELOPMENT_TEAM = 4823B5JB69;
				GENERATE_INFOPLIST_FILE = YES;
				INFOPLIST_FILE = MapSketch/Info.plist;
				INFOPLIST_KEY_CFBundleDisplayName = DronePass;
				INFOPLIST_KEY_LSApplicationCategoryType = "public.app-category.business";
				INFOPLIST_KEY_NSLocationWhenInUseUsageDescription = "";
				INFOPLIST_KEY_UIApplicationSupportsIndirectInputEvents = YES;
				INFOPLIST_KEY_UILaunchStoryboardName = LaunchScreen;
				INFOPLIST_KEY_UIMainStoryboardFile = Main;
				INFOPLIST_KEY_UISupportedInterfaceOrientations = UIInterfaceOrientationPortrait;
				INFOPLIST_KEY_UISupportedInterfaceOrientations_iPad = "UIInterfaceOrientationLandscapeLeft UIInterfaceOrientationLandscapeRight UIInterfaceOrientationPortrait UIInterfaceOrientationPortraitUpsideDown";
				INFOPLIST_KEY_UIUserInterfaceStyle = Light;
				IPHONEOS_DEPLOYMENT_TARGET = 17.6;
				LD_RUNPATH_SEARCH_PATHS = (
					"$(inherited)",
					"@executable_path/Frameworks",
				);
				MARKETING_VERSION = 0.1;
				PRODUCT_BUNDLE_IDENTIFIER = com.ScienceFiction.MapSketch;
				PRODUCT_NAME = "$(TARGET_NAME)";
				SWIFT_EMIT_LOC_STRINGS = YES;
				SWIFT_VERSION = 5.0;
				TARGETED_DEVICE_FAMILY = "1,2";
			};
			name = Debug;
		};
		63C057702DD2F6540044CF9B /* Release */ = {
			isa = XCBuildConfiguration;
			buildSettings = {
				ASSETCATALOG_COMPILER_APPICON_NAME = AppIcon;
				ASSETCATALOG_COMPILER_GLOBAL_ACCENT_COLOR_NAME = AccentColor;
				ASSETCATALOG_COMPILER_INCLUDE_ALL_APPICON_ASSETS = YES;
				CODE_SIGN_ENTITLEMENTS = MapSketch/MapSketch.entitlements;
				CODE_SIGN_STYLE = Automatic;
				CURRENT_PROJECT_VERSION = 15;
				DEVELOPMENT_TEAM = 4823B5JB69;
				GENERATE_INFOPLIST_FILE = YES;
				INFOPLIST_FILE = MapSketch/Info.plist;
				INFOPLIST_KEY_CFBundleDisplayName = DronePass;
				INFOPLIST_KEY_LSApplicationCategoryType = "public.app-category.business";
				INFOPLIST_KEY_NSLocationWhenInUseUsageDescription = "";
				INFOPLIST_KEY_UIApplicationSupportsIndirectInputEvents = YES;
				INFOPLIST_KEY_UILaunchStoryboardName = LaunchScreen;
				INFOPLIST_KEY_UIMainStoryboardFile = Main;
				INFOPLIST_KEY_UISupportedInterfaceOrientations = UIInterfaceOrientationPortrait;
				INFOPLIST_KEY_UISupportedInterfaceOrientations_iPad = "UIInterfaceOrientationLandscapeLeft UIInterfaceOrientationLandscapeRight UIInterfaceOrientationPortrait UIInterfaceOrientationPortraitUpsideDown";
				INFOPLIST_KEY_UIUserInterfaceStyle = Light;
				IPHONEOS_DEPLOYMENT_TARGET = 17.6;
				LD_RUNPATH_SEARCH_PATHS = (
					"$(inherited)",
					"@executable_path/Frameworks",
				);
				MARKETING_VERSION = 0.1;
				PRODUCT_BUNDLE_IDENTIFIER = com.ScienceFiction.DronePass;
				PRODUCT_NAME = "$(TARGET_NAME)";
				SWIFT_EMIT_LOC_STRINGS = YES;
				SWIFT_VERSION = 5.0;
				TARGETED_DEVICE_FAMILY = "1,2";
			};
			name = Release;
		};
		63C057712DD2F6540044CF9B /* Debug */ = {
			isa = XCBuildConfiguration;
			buildSettings = {
				ALWAYS_SEARCH_USER_PATHS = NO;
				ASSETCATALOG_COMPILER_GENERATE_SWIFT_ASSET_SYMBOL_EXTENSIONS = YES;
				CLANG_ANALYZER_NONNULL = YES;
				CLANG_ANALYZER_NUMBER_OBJECT_CONVERSION = YES_AGGRESSIVE;
				CLANG_CXX_LANGUAGE_STANDARD = "gnu++20";
				CLANG_ENABLE_MODULES = YES;
				CLANG_ENABLE_OBJC_ARC = YES;
				CLANG_ENABLE_OBJC_WEAK = YES;
				CLANG_WARN_BLOCK_CAPTURE_AUTORELEASING = YES;
				CLANG_WARN_BOOL_CONVERSION = YES;
				CLANG_WARN_COMMA = YES;
				CLANG_WARN_CONSTANT_CONVERSION = YES;
				CLANG_WARN_DEPRECATED_OBJC_IMPLEMENTATIONS = YES;
				CLANG_WARN_DIRECT_OBJC_ISA_USAGE = YES_ERROR;
				CLANG_WARN_DOCUMENTATION_COMMENTS = YES;
				CLANG_WARN_EMPTY_BODY = YES;
				CLANG_WARN_ENUM_CONVERSION = YES;
				CLANG_WARN_INFINITE_RECURSION = YES;
				CLANG_WARN_INT_CONVERSION = YES;
				CLANG_WARN_NON_LITERAL_NULL_CONVERSION = YES;
				CLANG_WARN_OBJC_IMPLICIT_RETAIN_SELF = YES;
				CLANG_WARN_OBJC_LITERAL_CONVERSION = YES;
				CLANG_WARN_OBJC_ROOT_CLASS = YES_ERROR;
				CLANG_WARN_QUOTED_INCLUDE_IN_FRAMEWORK_HEADER = YES;
				CLANG_WARN_RANGE_LOOP_ANALYSIS = YES;
				CLANG_WARN_STRICT_PROTOTYPES = YES;
				CLANG_WARN_SUSPICIOUS_MOVE = YES;
				CLANG_WARN_UNGUARDED_AVAILABILITY = YES_AGGRESSIVE;
				CLANG_WARN_UNREACHABLE_CODE = YES;
				CLANG_WARN__DUPLICATE_METHOD_MATCH = YES;
				COPY_PHASE_STRIP = NO;
				DEBUG_INFORMATION_FORMAT = dwarf;
				DEVELOPMENT_TEAM = 4823B5JB69;
				ENABLE_STRICT_OBJC_MSGSEND = YES;
				ENABLE_TESTABILITY = YES;
				ENABLE_USER_SCRIPT_SANDBOXING = YES;
				GCC_C_LANGUAGE_STANDARD = gnu17;
				GCC_DYNAMIC_NO_PIC = NO;
				GCC_NO_COMMON_BLOCKS = YES;
				GCC_OPTIMIZATION_LEVEL = 0;
				GCC_PREPROCESSOR_DEFINITIONS = (
					"DEBUG=1",
					"$(inherited)",
				);
				GCC_WARN_64_TO_32_BIT_CONVERSION = YES;
				GCC_WARN_ABOUT_RETURN_TYPE = YES_ERROR;
				GCC_WARN_UNDECLARED_SELECTOR = YES;
				GCC_WARN_UNINITIALIZED_AUTOS = YES_AGGRESSIVE;
				GCC_WARN_UNUSED_FUNCTION = YES;
				GCC_WARN_UNUSED_VARIABLE = YES;
				IPHONEOS_DEPLOYMENT_TARGET = 18.4;
				LOCALIZATION_PREFERS_STRING_CATALOGS = YES;
				MTL_ENABLE_DEBUG_INFO = INCLUDE_SOURCE;
				MTL_FAST_MATH = YES;
				ONLY_ACTIVE_ARCH = YES;
				SDKROOT = iphoneos;
				SWIFT_ACTIVE_COMPILATION_CONDITIONS = "DEBUG $(inherited)";
				SWIFT_OPTIMIZATION_LEVEL = "-Onone";
			};
			name = Debug;
		};
		63C057722DD2F6540044CF9B /* Release */ = {
			isa = XCBuildConfiguration;
			buildSettings = {
				ALWAYS_SEARCH_USER_PATHS = NO;
				ASSETCATALOG_COMPILER_GENERATE_SWIFT_ASSET_SYMBOL_EXTENSIONS = YES;
				CLANG_ANALYZER_NONNULL = YES;
				CLANG_ANALYZER_NUMBER_OBJECT_CONVERSION = YES_AGGRESSIVE;
				CLANG_CXX_LANGUAGE_STANDARD = "gnu++20";
				CLANG_ENABLE_MODULES = YES;
				CLANG_ENABLE_OBJC_ARC = YES;
				CLANG_ENABLE_OBJC_WEAK = YES;
				CLANG_WARN_BLOCK_CAPTURE_AUTORELEASING = YES;
				CLANG_WARN_BOOL_CONVERSION = YES;
				CLANG_WARN_COMMA = YES;
				CLANG_WARN_CONSTANT_CONVERSION = YES;
				CLANG_WARN_DEPRECATED_OBJC_IMPLEMENTATIONS = YES;
				CLANG_WARN_DIRECT_OBJC_ISA_USAGE = YES_ERROR;
				CLANG_WARN_DOCUMENTATION_COMMENTS = YES;
				CLANG_WARN_EMPTY_BODY = YES;
				CLANG_WARN_ENUM_CONVERSION = YES;
				CLANG_WARN_INFINITE_RECURSION = YES;
				CLANG_WARN_INT_CONVERSION = YES;
				CLANG_WARN_NON_LITERAL_NULL_CONVERSION = YES;
				CLANG_WARN_OBJC_IMPLICIT_RETAIN_SELF = YES;
				CLANG_WARN_OBJC_LITERAL_CONVERSION = YES;
				CLANG_WARN_OBJC_ROOT_CLASS = YES_ERROR;
				CLANG_WARN_QUOTED_INCLUDE_IN_FRAMEWORK_HEADER = YES;
				CLANG_WARN_RANGE_LOOP_ANALYSIS = YES;
				CLANG_WARN_STRICT_PROTOTYPES = YES;
				CLANG_WARN_SUSPICIOUS_MOVE = YES;
				CLANG_WARN_UNGUARDED_AVAILABILITY = YES_AGGRESSIVE;
				CLANG_WARN_UNREACHABLE_CODE = YES;
				CLANG_WARN__DUPLICATE_METHOD_MATCH = YES;
				COPY_PHASE_STRIP = NO;
				DEBUG_INFORMATION_FORMAT = "dwarf-with-dsym";
				DEVELOPMENT_TEAM = 4823B5JB69;
				ENABLE_NS_ASSERTIONS = NO;
				ENABLE_STRICT_OBJC_MSGSEND = YES;
				ENABLE_USER_SCRIPT_SANDBOXING = YES;
				GCC_C_LANGUAGE_STANDARD = gnu17;
				GCC_NO_COMMON_BLOCKS = YES;
				GCC_WARN_64_TO_32_BIT_CONVERSION = YES;
				GCC_WARN_ABOUT_RETURN_TYPE = YES_ERROR;
				GCC_WARN_UNDECLARED_SELECTOR = YES;
				GCC_WARN_UNINITIALIZED_AUTOS = YES_AGGRESSIVE;
				GCC_WARN_UNUSED_FUNCTION = YES;
				GCC_WARN_UNUSED_VARIABLE = YES;
				IPHONEOS_DEPLOYMENT_TARGET = 18.4;
				LOCALIZATION_PREFERS_STRING_CATALOGS = YES;
				MTL_ENABLE_DEBUG_INFO = NO;
				MTL_FAST_MATH = YES;
				SDKROOT = iphoneos;
				SWIFT_COMPILATION_MODE = wholemodule;
				VALIDATE_PRODUCT = YES;
			};
			name = Release;
		};
		63C057742DD2F6540044CF9B /* Debug */ = {
			isa = XCBuildConfiguration;
			buildSettings = {
				BUNDLE_LOADER = "$(TEST_HOST)";
				CODE_SIGN_STYLE = Automatic;
				CURRENT_PROJECT_VERSION = 1;
				DEVELOPMENT_TEAM = 4823B5JB69;
				GENERATE_INFOPLIST_FILE = YES;
				IPHONEOS_DEPLOYMENT_TARGET = 18.4;
				MARKETING_VERSION = 1.0;
				PRODUCT_BUNDLE_IDENTIFIER = com.ScienceFiction.MapSketchTests;
				PRODUCT_NAME = "$(TARGET_NAME)";
				SWIFT_EMIT_LOC_STRINGS = NO;
				SWIFT_VERSION = 5.0;
				TARGETED_DEVICE_FAMILY = "1,2";
				TEST_HOST = "$(BUILT_PRODUCTS_DIR)/DronePass.app/$(BUNDLE_EXECUTABLE_FOLDER_PATH)/DronePass";
			};
			name = Debug;
		};
		63C057752DD2F6540044CF9B /* Release */ = {
			isa = XCBuildConfiguration;
			buildSettings = {
				BUNDLE_LOADER = "$(TEST_HOST)";
				CODE_SIGN_STYLE = Automatic;
				CURRENT_PROJECT_VERSION = 1;
				DEVELOPMENT_TEAM = 4823B5JB69;
				GENERATE_INFOPLIST_FILE = YES;
				IPHONEOS_DEPLOYMENT_TARGET = 18.4;
				MARKETING_VERSION = 1.0;
				PRODUCT_BUNDLE_IDENTIFIER = com.ScienceFiction.DronePassTests;
				PRODUCT_NAME = "$(TARGET_NAME)";
				SWIFT_EMIT_LOC_STRINGS = NO;
				SWIFT_VERSION = 5.0;
				TARGETED_DEVICE_FAMILY = "1,2";
				TEST_HOST = "$(BUILT_PRODUCTS_DIR)/DronePass.app/$(BUNDLE_EXECUTABLE_FOLDER_PATH)/DronePass";
			};
			name = Release;
		};
		63C057772DD2F6540044CF9B /* Debug */ = {
			isa = XCBuildConfiguration;
			buildSettings = {
				CODE_SIGN_STYLE = Automatic;
				CURRENT_PROJECT_VERSION = 1;
				DEVELOPMENT_TEAM = 4823B5JB69;
				GENERATE_INFOPLIST_FILE = YES;
				MARKETING_VERSION = 1.0;
				PRODUCT_BUNDLE_IDENTIFIER = com.ScienceFiction.MapSketchUITests;
				PRODUCT_NAME = "$(TARGET_NAME)";
				SWIFT_EMIT_LOC_STRINGS = NO;
				SWIFT_VERSION = 5.0;
				TARGETED_DEVICE_FAMILY = "1,2";
				TEST_TARGET_NAME = MapSketch;
			};
			name = Debug;
		};
		63C057782DD2F6540044CF9B /* Release */ = {
			isa = XCBuildConfiguration;
			buildSettings = {
				CODE_SIGN_STYLE = Automatic;
				CURRENT_PROJECT_VERSION = 1;
				DEVELOPMENT_TEAM = 4823B5JB69;
				GENERATE_INFOPLIST_FILE = YES;
				MARKETING_VERSION = 1.0;
				PRODUCT_BUNDLE_IDENTIFIER = com.ScienceFiction.DronePassUITests;
				PRODUCT_NAME = "$(TARGET_NAME)";
				SWIFT_EMIT_LOC_STRINGS = NO;
				SWIFT_VERSION = 5.0;
				TARGETED_DEVICE_FAMILY = "1,2";
				TEST_TARGET_NAME = MapSketch;
			};
			name = Release;
		};
/* End XCBuildConfiguration section */

/* Begin XCConfigurationList section */
		63C0573D2DD2F6530044CF9B /* Build configuration list for PBXProject "DronePass" */ = {
			isa = XCConfigurationList;
			buildConfigurations = (
				63C057712DD2F6540044CF9B /* Debug */,
				63C057722DD2F6540044CF9B /* Release */,
			);
			defaultConfigurationIsVisible = 0;
			defaultConfigurationName = Release;
		};
		63C0576E2DD2F6540044CF9B /* Build configuration list for PBXNativeTarget "DronePass" */ = {
			isa = XCConfigurationList;
			buildConfigurations = (
				63C0576F2DD2F6540044CF9B /* Debug */,
				63C057702DD2F6540044CF9B /* Release */,
			);
			defaultConfigurationIsVisible = 0;
			defaultConfigurationName = Release;
		};
		63C057732DD2F6540044CF9B /* Build configuration list for PBXNativeTarget "DronePassTests" */ = {
			isa = XCConfigurationList;
			buildConfigurations = (
				63C057742DD2F6540044CF9B /* Debug */,
				63C057752DD2F6540044CF9B /* Release */,
			);
			defaultConfigurationIsVisible = 0;
			defaultConfigurationName = Release;
		};
		63C057762DD2F6540044CF9B /* Build configuration list for PBXNativeTarget "DronePassUITests" */ = {
			isa = XCConfigurationList;
			buildConfigurations = (
				63C057772DD2F6540044CF9B /* Debug */,
				63C057782DD2F6540044CF9B /* Release */,
			);
			defaultConfigurationIsVisible = 0;
			defaultConfigurationName = Release;
		};
/* End XCConfigurationList section */

/* Begin XCRemoteSwiftPackageReference section */
		631AB3592DD389FC005AA749 /* XCRemoteSwiftPackageReference "SPM-NMapsMap" */ = {
			isa = XCRemoteSwiftPackageReference;
			repositoryURL = "https://github.com/navermaps/SPM-NMapsMap";
			requirement = {
				kind = upToNextMajorVersion;
				minimumVersion = 3.21.0;
			};
		};
		63C8059F2DE30D1E00F3428B /* XCRemoteSwiftPackageReference "Solar" */ = {
			isa = XCRemoteSwiftPackageReference;
			repositoryURL = "https://github.com/ceeK/Solar.git";
			requirement = {
				kind = upToNextMajorVersion;
				minimumVersion = 3.0.1;
			};
		};
/* End XCRemoteSwiftPackageReference section */

/* Begin XCSwiftPackageProductDependency section */
		631AB35A2DD389FC005AA749 /* NMapsMap */ = {
			isa = XCSwiftPackageProductDependency;
			package = 631AB3592DD389FC005AA749 /* XCRemoteSwiftPackageReference "SPM-NMapsMap" */;
			productName = NMapsMap;
		};
		63C805A02DE30E9000F3428B /* Solar */ = {
			isa = XCSwiftPackageProductDependency;
			package = 63C8059F2DE30D1E00F3428B /* XCRemoteSwiftPackageReference "Solar" */;
			productName = Solar;
		};
/* End XCSwiftPackageProductDependency section */
	};
	rootObject = 63C0573A2DD2F6530044CF9B /* Project object */;
}
