// !$*UTF8*$!
{
	archiveVersion = 1;
	classes = {
	};
	objectVersion = 77;
	objects = {

/* Begin PBXBuildFile section */
		630384C92E02B391007684D1 /* NaverGeocodingModels.swift in Sources */ = {isa = PBXBuildFile; fileRef = 630384C82E02B391007684D1 /* NaverGeocodingModels.swift */; };
		630384CB2E02C716007684D1 /* CoordinateView.swift in Sources */ = {isa = PBXBuildFile; fileRef = 630384CA2E02C716007684D1 /* CoordinateView.swift */; };
		631AB35B2DD389FC005AA749 /* NMapsMap in Frameworks */ = {isa = PBXBuildFile; productRef = 631AB35A2DD389FC005AA749 /* NMapsMap */; };
		632D56F02E05B0B90029ADE5 /* PatchNotesView.swift in Sources */ = {isa = PBXBuildFile; fileRef = 632D56EF2E05B0B90029ADE5 /* PatchNotesView.swift */; };
		632D56F42E05C23D0029ADE5 /* AppInfoView.swift in Sources */ = {isa = PBXBuildFile; fileRef = 632D56F32E05C23D0029ADE5 /* AppInfoView.swift */; };
		6337C4CB2DF9885B00089659 /* SavedTableListView.swift in Sources */ = {isa = PBXBuildFile; fileRef = 6337C4CA2DF9885B00089659 /* SavedTableListView.swift */; };
		6337C4CF2DF98ECA00089659 /* ShapeDetailView.swift in Sources */ = {isa = PBXBuildFile; fileRef = 6337C4CE2DF98ECA00089659 /* ShapeDetailView.swift */; };
		6337C4D12DF98F4E00089659 /* ShapeEditView.swift in Sources */ = {isa = PBXBuildFile; fileRef = 6337C4D02DF98F4E00089659 /* ShapeEditView.swift */; };
		633F13AA2DF8340400BBDD38 /* MainView.swift in Sources */ = {isa = PBXBuildFile; fileRef = 633F13A92DF8340400BBDD38 /* MainView.swift */; };
		633F13C82DF842F300BBDD38 /* MapViewModel.swift in Sources */ = {isa = PBXBuildFile; fileRef = 633F13C62DF842F300BBDD38 /* MapViewModel.swift */; };
		633F13C92DF842F300BBDD38 /* NaverMapView.swift in Sources */ = {isa = PBXBuildFile; fileRef = 633F13C72DF842F300BBDD38 /* NaverMapView.swift */; };
		633F13CB2DF885DB00BBDD38 /* MainTabView.swift in Sources */ = {isa = PBXBuildFile; fileRef = 633F13CA2DF885DB00BBDD38 /* MainTabView.swift */; };
		633F13CD2DF888CD00BBDD38 /* DronePassApp.swift in Sources */ = {isa = PBXBuildFile; fileRef = 633F13CC2DF888C700BBDD38 /* DronePassApp.swift */; };
		633F13CF2DF8941600BBDD38 /* SettingView.swift in Sources */ = {isa = PBXBuildFile; fileRef = 633F13CE2DF8941600BBDD38 /* SettingView.swift */; };
		633F13D12DF89AF500BBDD38 /* ColorPickerView.swift in Sources */ = {isa = PBXBuildFile; fileRef = 633F13D02DF89AF500BBDD38 /* ColorPickerView.swift */; };
		634E3FB62E2E760300C60E43 /* GoogleService-Info.plist in Resources */ = {isa = PBXBuildFile; fileRef = 634E3FB52E2E760300C60E43 /* GoogleService-Info.plist */; };
		634E3FB92E2E7E5600C60E43 /* FirebaseAnalytics in Frameworks */ = {isa = PBXBuildFile; productRef = 634E3FB82E2E7E5600C60E43 /* FirebaseAnalytics */; };
		634E3FBB2E2E7E5600C60E43 /* FirebaseAuth in Frameworks */ = {isa = PBXBuildFile; productRef = 634E3FBA2E2E7E5600C60E43 /* FirebaseAuth */; };
		634E3FBD2E2E7E5600C60E43 /* FirebaseFirestore in Frameworks */ = {isa = PBXBuildFile; productRef = 634E3FBC2E2E7E5600C60E43 /* FirebaseFirestore */; };
		634E3FBF2E2E7E5600C60E43 /* FirebaseStorage in Frameworks */ = {isa = PBXBuildFile; productRef = 634E3FBE2E2E7E5600C60E43 /* FirebaseStorage */; };
		634E3FC22E2E96D000C60E43 /* LoginManager.swift in Sources */ = {isa = PBXBuildFile; fileRef = 634E3FC12E2E96C000C60E43 /* LoginManager.swift */; };
		6362E56A2E2F8FF400402B39 /* ProfileView.swift in Sources */ = {isa = PBXBuildFile; fileRef = 6362E5692E2F8FF400402B39 /* ProfileView.swift */; };
		6383D99D2E0298C60033550D /* SearchingAddressView.swift in Sources */ = {isa = PBXBuildFile; fileRef = 6383D99C2E0298C60033550D /* SearchingAddressView.swift */; };
		63970D3F2DE9C93400E11238 /* Assets.xcassets in Resources */ = {isa = PBXBuildFile; fileRef = 63970D302DE9C93400E11238 /* Assets.xcassets */; };
		63970D462DE9C93400E11238 /* PlaceShape.swift in Sources */ = {isa = PBXBuildFile; fileRef = 63970D222DE9C93400E11238 /* PlaceShape.swift */; };
		63970D482DE9C93400E11238 /* LocationManager.swift in Sources */ = {isa = PBXBuildFile; fileRef = 63970D1F2DE9C93400E11238 /* LocationManager.swift */; };
		63970D492DE9C93400E11238 /* ColorManager.swift in Sources */ = {isa = PBXBuildFile; fileRef = 63970D1D2DE9C93400E11238 /* ColorManager.swift */; };
		63970D542DE9C93400E11238 /* DateFormatter+Korean.swift in Sources */ = {isa = PBXBuildFile; fileRef = 63970D0F2DE9C93400E11238 /* DateFormatter+Korean.swift */; };
		63970D582DE9C93400E11238 /* AppInfo.swift in Sources */ = {isa = PBXBuildFile; fileRef = 63970D2F2DE9C93400E11238 /* AppInfo.swift */; };
		63970D5B2DE9C93400E11238 /* Coordinate.swift in Sources */ = {isa = PBXBuildFile; fileRef = 63970D1E2DE9C93400E11238 /* Coordinate.swift */; };
		63970D5D2DE9C93400E11238 /* SettingManager.swift in Sources */ = {isa = PBXBuildFile; fileRef = 63970D242DE9C93400E11238 /* SettingManager.swift */; };
		63970D5E2DE9C93400E11238 /* NaverGeocodingService.swift in Sources */ = {isa = PBXBuildFile; fileRef = 63970D102DE9C93400E11238 /* NaverGeocodingService.swift */; };
		63970D612DE9C93400E11238 /* ShapeManager.swift in Sources */ = {isa = PBXBuildFile; fileRef = 63970D252DE9C93400E11238 /* ShapeManager.swift */; };
		63970D682DE9C93400E11238 /* PlaceShapeStore.swift in Sources */ = {isa = PBXBuildFile; fileRef = 63970D1A2DE9C93400E11238 /* PlaceShapeStore.swift */; };
		63970D692DE9C93400E11238 /* ShapeSelectionCoordinator.swift in Sources */ = {isa = PBXBuildFile; fileRef = 63970D112DE9C93400E11238 /* ShapeSelectionCoordinator.swift */; };
		63970D6A2DE9C93400E11238 /* NotiName.swift in Sources */ = {isa = PBXBuildFile; fileRef = 63970D212DE9C93400E11238 /* NotiName.swift */; };
		63AB0F8A2E1D5ADF001F304E /* LoginView.swift in Sources */ = {isa = PBXBuildFile; fileRef = 63AB0F892E1D5ADF001F304E /* LoginView.swift */; };
		63AB0F8C2E1D649A001F304E /* PrivacyPolicyView.swift in Sources */ = {isa = PBXBuildFile; fileRef = 63AB0F8B2E1D649A001F304E /* PrivacyPolicyView.swift */; };
		63AB0F8E2E1D64AC001F304E /* TermsOfServiceView.swift in Sources */ = {isa = PBXBuildFile; fileRef = 63AB0F8D2E1D64AC001F304E /* TermsOfServiceView.swift */; };
		63AB0F902E1D64EF001F304E /* LocationTermsView.swift in Sources */ = {isa = PBXBuildFile; fileRef = 63AB0F8F2E1D64EF001F304E /* LocationTermsView.swift */; };
		63AB0F922E1D69E7001F304E /* TermsAndPoliciesView.swift in Sources */ = {isa = PBXBuildFile; fileRef = 63AB0F912E1D69E7001F304E /* TermsAndPoliciesView.swift */; };
		63C2D7E02E0EC20E006FFF21 /* DateTimeSelectionView.swift in Sources */ = {isa = PBXBuildFile; fileRef = 63C2D7DF2E0EC20E006FFF21 /* DateTimeSelectionView.swift */; };
		63C805A12DE30E9000F3428B /* Solar in Frameworks */ = {isa = PBXBuildFile; productRef = 63C805A02DE30E9000F3428B /* Solar */; };
		63D1F39C2E0AB5B700E1E51E /* LaunchScreen.storyboard in Resources */ = {isa = PBXBuildFile; fileRef = 63D1F39B2E0AB5B700E1E51E /* LaunchScreen.storyboard */; };
		63F3F6012DD3525A004C546F /* WebKit.framework in Frameworks */ = {isa = PBXBuildFile; fileRef = 63F3F5FF2DD35156004C546F /* WebKit.framework */; };
/* End PBXBuildFile section */

/* Begin PBXFileReference section */
		630384C82E02B391007684D1 /* NaverGeocodingModels.swift */ = {isa = PBXFileReference; lastKnownFileType = sourcecode.swift; path = NaverGeocodingModels.swift; sourceTree = "<group>"; };
		630384CA2E02C716007684D1 /* CoordinateView.swift */ = {isa = PBXFileReference; lastKnownFileType = sourcecode.swift; path = CoordinateView.swift; sourceTree = "<group>"; };
		632D56EF2E05B0B90029ADE5 /* PatchNotesView.swift */ = {isa = PBXFileReference; lastKnownFileType = sourcecode.swift; path = PatchNotesView.swift; sourceTree = "<group>"; };
		632D56F32E05C23D0029ADE5 /* AppInfoView.swift */ = {isa = PBXFileReference; lastKnownFileType = sourcecode.swift; path = AppInfoView.swift; sourceTree = "<group>"; };
		6337C4CA2DF9885B00089659 /* SavedTableListView.swift */ = {isa = PBXFileReference; lastKnownFileType = sourcecode.swift; path = SavedTableListView.swift; sourceTree = "<group>"; };
		6337C4CE2DF98ECA00089659 /* ShapeDetailView.swift */ = {isa = PBXFileReference; lastKnownFileType = sourcecode.swift; path = ShapeDetailView.swift; sourceTree = "<group>"; };
		6337C4D02DF98F4E00089659 /* ShapeEditView.swift */ = {isa = PBXFileReference; lastKnownFileType = sourcecode.swift; path = ShapeEditView.swift; sourceTree = "<group>"; };
		633F13A92DF8340400BBDD38 /* MainView.swift */ = {isa = PBXFileReference; lastKnownFileType = sourcecode.swift; path = MainView.swift; sourceTree = "<group>"; };
		633F13C62DF842F300BBDD38 /* MapViewModel.swift */ = {isa = PBXFileReference; lastKnownFileType = sourcecode.swift; path = MapViewModel.swift; sourceTree = "<group>"; };
		633F13C72DF842F300BBDD38 /* NaverMapView.swift */ = {isa = PBXFileReference; lastKnownFileType = sourcecode.swift; path = NaverMapView.swift; sourceTree = "<group>"; };
		633F13CA2DF885DB00BBDD38 /* MainTabView.swift */ = {isa = PBXFileReference; lastKnownFileType = sourcecode.swift; path = MainTabView.swift; sourceTree = "<group>"; };
		633F13CC2DF888C700BBDD38 /* DronePassApp.swift */ = {isa = PBXFileReference; lastKnownFileType = sourcecode.swift; path = DronePassApp.swift; sourceTree = "<group>"; };
		633F13CE2DF8941600BBDD38 /* SettingView.swift */ = {isa = PBXFileReference; lastKnownFileType = sourcecode.swift; path = SettingView.swift; sourceTree = "<group>"; };
		633F13D02DF89AF500BBDD38 /* ColorPickerView.swift */ = {isa = PBXFileReference; lastKnownFileType = sourcecode.swift; path = ColorPickerView.swift; sourceTree = "<group>"; };
		634E3FB52E2E760300C60E43 /* GoogleService-Info.plist */ = {isa = PBXFileReference; lastKnownFileType = text.plist.xml; path = "GoogleService-Info.plist"; sourceTree = "<group>"; };
		634E3FC12E2E96C000C60E43 /* LoginManager.swift */ = {isa = PBXFileReference; lastKnownFileType = sourcecode.swift; path = LoginManager.swift; sourceTree = "<group>"; };
		6362E5692E2F8FF400402B39 /* ProfileView.swift */ = {isa = PBXFileReference; lastKnownFileType = sourcecode.swift; path = ProfileView.swift; sourceTree = "<group>"; };
		6383D99C2E0298C60033550D /* SearchingAddressView.swift */ = {isa = PBXFileReference; lastKnownFileType = sourcecode.swift; path = SearchingAddressView.swift; sourceTree = "<group>"; };
		63970D0F2DE9C93400E11238 /* DateFormatter+Korean.swift */ = {isa = PBXFileReference; lastKnownFileType = sourcecode.swift; path = "DateFormatter+Korean.swift"; sourceTree = "<group>"; };
		63970D102DE9C93400E11238 /* NaverGeocodingService.swift */ = {isa = PBXFileReference; lastKnownFileType = sourcecode.swift; path = NaverGeocodingService.swift; sourceTree = "<group>"; };
		63970D112DE9C93400E11238 /* ShapeSelectionCoordinator.swift */ = {isa = PBXFileReference; lastKnownFileType = sourcecode.swift; path = ShapeSelectionCoordinator.swift; sourceTree = "<group>"; };
		63970D1A2DE9C93400E11238 /* PlaceShapeStore.swift */ = {isa = PBXFileReference; lastKnownFileType = sourcecode.swift; path = PlaceShapeStore.swift; sourceTree = "<group>"; };
		63970D1D2DE9C93400E11238 /* ColorManager.swift */ = {isa = PBXFileReference; lastKnownFileType = sourcecode.swift; path = ColorManager.swift; sourceTree = "<group>"; };
		63970D1E2DE9C93400E11238 /* Coordinate.swift */ = {isa = PBXFileReference; lastKnownFileType = sourcecode.swift; path = Coordinate.swift; sourceTree = "<group>"; };
		63970D1F2DE9C93400E11238 /* LocationManager.swift */ = {isa = PBXFileReference; lastKnownFileType = sourcecode.swift; path = LocationManager.swift; sourceTree = "<group>"; };
		63970D212DE9C93400E11238 /* NotiName.swift */ = {isa = PBXFileReference; lastKnownFileType = sourcecode.swift; path = NotiName.swift; sourceTree = "<group>"; };
		63970D222DE9C93400E11238 /* PlaceShape.swift */ = {isa = PBXFileReference; lastKnownFileType = sourcecode.swift; path = PlaceShape.swift; sourceTree = "<group>"; };
		63970D242DE9C93400E11238 /* SettingManager.swift */ = {isa = PBXFileReference; lastKnownFileType = sourcecode.swift; path = SettingManager.swift; sourceTree = "<group>"; };
		63970D252DE9C93400E11238 /* ShapeManager.swift */ = {isa = PBXFileReference; lastKnownFileType = sourcecode.swift; path = ShapeManager.swift; sourceTree = "<group>"; };
		63970D2F2DE9C93400E11238 /* AppInfo.swift */ = {isa = PBXFileReference; lastKnownFileType = sourcecode.swift; path = AppInfo.swift; sourceTree = "<group>"; };
		63970D302DE9C93400E11238 /* Assets.xcassets */ = {isa = PBXFileReference; lastKnownFileType = folder.assetcatalog; path = Assets.xcassets; sourceTree = "<group>"; };
		63970D312DE9C93400E11238 /* Info.plist */ = {isa = PBXFileReference; lastKnownFileType = text.plist.xml; path = Info.plist; sourceTree = "<group>"; };
		63970D6B2DE9CCA400E11238 /* DronePass.entitlements */ = {isa = PBXFileReference; lastKnownFileType = text.plist.entitlements; path = DronePass.entitlements; sourceTree = "<group>"; };
		63AB0F892E1D5ADF001F304E /* LoginView.swift */ = {isa = PBXFileReference; lastKnownFileType = sourcecode.swift; path = LoginView.swift; sourceTree = "<group>"; };
		63AB0F8B2E1D649A001F304E /* PrivacyPolicyView.swift */ = {isa = PBXFileReference; lastKnownFileType = sourcecode.swift; path = PrivacyPolicyView.swift; sourceTree = "<group>"; };
		63AB0F8D2E1D64AC001F304E /* TermsOfServiceView.swift */ = {isa = PBXFileReference; lastKnownFileType = sourcecode.swift; path = TermsOfServiceView.swift; sourceTree = "<group>"; };
		63AB0F8F2E1D64EF001F304E /* LocationTermsView.swift */ = {isa = PBXFileReference; lastKnownFileType = sourcecode.swift; path = LocationTermsView.swift; sourceTree = "<group>"; };
		63AB0F912E1D69E7001F304E /* TermsAndPoliciesView.swift */ = {isa = PBXFileReference; lastKnownFileType = sourcecode.swift; path = TermsAndPoliciesView.swift; sourceTree = "<group>"; };
		63C057422DD2F6530044CF9B /* DronePass.app */ = {isa = PBXFileReference; explicitFileType = wrapper.application; includeInIndex = 0; path = DronePass.app; sourceTree = BUILT_PRODUCTS_DIR; };
		63C2D7DF2E0EC20E006FFF21 /* DateTimeSelectionView.swift */ = {isa = PBXFileReference; lastKnownFileType = sourcecode.swift; path = DateTimeSelectionView.swift; sourceTree = "<group>"; };
		63D1F39B2E0AB5B700E1E51E /* LaunchScreen.storyboard */ = {isa = PBXFileReference; lastKnownFileType = file.storyboard; path = LaunchScreen.storyboard; sourceTree = "<group>"; };
		63F3F5FF2DD35156004C546F /* WebKit.framework */ = {isa = PBXFileReference; lastKnownFileType = wrapper.framework; name = WebKit.framework; path = System/Library/Frameworks/WebKit.framework; sourceTree = SDKROOT; };
/* End PBXFileReference section */

/* Begin PBXFrameworksBuildPhase section */
		63C0573F2DD2F6530044CF9B /* Frameworks */ = {
			isa = PBXFrameworksBuildPhase;
			buildActionMask = 2147483647;
			files = (
				63C805A12DE30E9000F3428B /* Solar in Frameworks */,
				634E3FBB2E2E7E5600C60E43 /* FirebaseAuth in Frameworks */,
				63F3F6012DD3525A004C546F /* WebKit.framework in Frameworks */,
				634E3FB92E2E7E5600C60E43 /* FirebaseAnalytics in Frameworks */,
				634E3FBF2E2E7E5600C60E43 /* FirebaseStorage in Frameworks */,
				631AB35B2DD389FC005AA749 /* NMapsMap in Frameworks */,
				634E3FBD2E2E7E5600C60E43 /* FirebaseFirestore in Frameworks */,
			);
			runOnlyForDeploymentPostprocessing = 0;
		};
/* End PBXFrameworksBuildPhase section */

/* Begin PBXGroup section */
		630379682E0A8D4C00F0A84D /* Model */ = {
			isa = PBXGroup;
			children = (
				633F13C62DF842F300BBDD38 /* MapViewModel.swift */,
				63970D212DE9C93400E11238 /* NotiName.swift */,
			);
			path = Model;
			sourceTree = "<group>";
		};
		630379692E0A8D5E00F0A84D /* Core */ = {
			isa = PBXGroup;
			children = (
				630384C82E02B391007684D1 /* NaverGeocodingModels.swift */,
				63970D102DE9C93400E11238 /* NaverGeocodingService.swift */,
				63970D112DE9C93400E11238 /* ShapeSelectionCoordinator.swift */,
				63970D1E2DE9C93400E11238 /* Coordinate.swift */,
				63970D1D2DE9C93400E11238 /* ColorManager.swift */,
				63970D1F2DE9C93400E11238 /* LocationManager.swift */,
				63970D252DE9C93400E11238 /* ShapeManager.swift */,
			);
			path = Core;
			sourceTree = "<group>";
		};
		634E3FC02E2E96AF00C60E43 /* Login */ = {
			isa = PBXGroup;
			children = (
				63AB0F892E1D5ADF001F304E /* LoginView.swift */,
				634E3FC12E2E96C000C60E43 /* LoginManager.swift */,
			);
			path = Login;
			sourceTree = "<group>";
		};
		634E3FC32E2E974600C60E43 /* Extension */ = {
			isa = PBXGroup;
			children = (
				63970D0F2DE9C93400E11238 /* DateFormatter+Korean.swift */,
			);
			path = Extension;
			sourceTree = "<group>";
		};
		634E3FC42E2E975E00C60E43 /* View */ = {
			isa = PBXGroup;
			children = (
				63AB0F8F2E1D64EF001F304E /* LocationTermsView.swift */,
				63AB0F8D2E1D64AC001F304E /* TermsOfServiceView.swift */,
				63AB0F8B2E1D649A001F304E /* PrivacyPolicyView.swift */,
				63C2D7DF2E0EC20E006FFF21 /* DateTimeSelectionView.swift */,
				633F13CE2DF8941600BBDD38 /* SettingView.swift */,
				632D56F32E05C23D0029ADE5 /* AppInfoView.swift */,
				632D56EF2E05B0B90029ADE5 /* PatchNotesView.swift */,
				63AB0F912E1D69E7001F304E /* TermsAndPoliciesView.swift */,
				633F13D02DF89AF500BBDD38 /* ColorPickerView.swift */,
				6362E5692E2F8FF400402B39 /* ProfileView.swift */,
			);
			path = View;
			sourceTree = "<group>";
		};
		634E3FC52E2E976200C60E43 /* Setting */ = {
			isa = PBXGroup;
			children = (
				634E3FC42E2E975E00C60E43 /* View */,
				634E3FC72E2E979500C60E43 /* Manager */,
			);
			path = Setting;
			sourceTree = "<group>";
		};
		634E3FC62E2E978600C60E43 /* Shape */ = {
			isa = PBXGroup;
			children = (
				63970D222DE9C93400E11238 /* PlaceShape.swift */,
				63970D1A2DE9C93400E11238 /* PlaceShapeStore.swift */,
				634E3FC82E2E982B00C60E43 /* View */,
			);
			path = Shape;
			sourceTree = "<group>";
		};
		634E3FC72E2E979500C60E43 /* Manager */ = {
			isa = PBXGroup;
			children = (
				63970D242DE9C93400E11238 /* SettingManager.swift */,
			);
			path = Manager;
			sourceTree = "<group>";
		};
		634E3FC82E2E982B00C60E43 /* View */ = {
			isa = PBXGroup;
			children = (
				6337C4CE2DF98ECA00089659 /* ShapeDetailView.swift */,
				6337C4D02DF98F4E00089659 /* ShapeEditView.swift */,
				6383D99C2E0298C60033550D /* SearchingAddressView.swift */,
				630384CA2E02C716007684D1 /* CoordinateView.swift */,
			);
			path = View;
			sourceTree = "<group>";
		};
		63970D392DE9C93400E11238 /* DronePass */ = {
			isa = PBXGroup;
			children = (
				63970D6B2DE9CCA400E11238 /* DronePass.entitlements */,
				63970D2F2DE9C93400E11238 /* AppInfo.swift */,
				63D1F39B2E0AB5B700E1E51E /* LaunchScreen.storyboard */,
				63970D302DE9C93400E11238 /* Assets.xcassets */,
				63970D312DE9C93400E11238 /* Info.plist */,
				633F13CC2DF888C700BBDD38 /* DronePassApp.swift */,
				633F13A92DF8340400BBDD38 /* MainView.swift */,
				633F13CA2DF885DB00BBDD38 /* MainTabView.swift */,
				634E3FC02E2E96AF00C60E43 /* Login */,
				630379692E0A8D5E00F0A84D /* Core */,
				634E3FC52E2E976200C60E43 /* Setting */,
				633F13C72DF842F300BBDD38 /* NaverMapView.swift */,
				6337C4CA2DF9885B00089659 /* SavedTableListView.swift */,
				634E3FC62E2E978600C60E43 /* Shape */,
				630379682E0A8D4C00F0A84D /* Model */,
				634E3FC32E2E974600C60E43 /* Extension */,
				634E3FB52E2E760300C60E43 /* GoogleService-Info.plist */,
			);
			path = DronePass;
			sourceTree = "<group>";
		};
		63C057392DD2F6530044CF9B = {
			isa = PBXGroup;
			children = (
				63970D392DE9C93400E11238 /* DronePass */,
				63F3F5FE2DD35156004C546F /* Frameworks */,
				63C057432DD2F6530044CF9B /* Products */,
			);
			sourceTree = "<group>";
		};
		63C057432DD2F6530044CF9B /* Products */ = {
			isa = PBXGroup;
			children = (
				63C057422DD2F6530044CF9B /* DronePass.app */,
			);
			name = Products;
			sourceTree = "<group>";
		};
		63F3F5FE2DD35156004C546F /* Frameworks */ = {
			isa = PBXGroup;
			children = (
				63F3F5FF2DD35156004C546F /* WebKit.framework */,
			);
			name = Frameworks;
			sourceTree = "<group>";
		};
/* End PBXGroup section */

/* Begin PBXNativeTarget section */
		63C057412DD2F6530044CF9B /* DronePass */ = {
			isa = PBXNativeTarget;
			buildConfigurationList = 63C0576E2DD2F6540044CF9B /* Build configuration list for PBXNativeTarget "DronePass" */;
			buildPhases = (
				63C0573E2DD2F6530044CF9B /* Sources */,
				63C0573F2DD2F6530044CF9B /* Frameworks */,
				63C057402DD2F6530044CF9B /* Resources */,
			);
			buildRules = (
			);
			dependencies = (
			);
			name = DronePass;
			packageProductDependencies = (
				631AB35A2DD389FC005AA749 /* NMapsMap */,
				63C805A02DE30E9000F3428B /* Solar */,
				634E3FB82E2E7E5600C60E43 /* FirebaseAnalytics */,
				634E3FBA2E2E7E5600C60E43 /* FirebaseAuth */,
				634E3FBC2E2E7E5600C60E43 /* FirebaseFirestore */,
				634E3FBE2E2E7E5600C60E43 /* FirebaseStorage */,
			);
			productName = MapSketch;
			productReference = 63C057422DD2F6530044CF9B /* DronePass.app */;
			productType = "com.apple.product-type.application";
		};
/* End PBXNativeTarget section */

/* Begin PBXProject section */
		63C0573A2DD2F6530044CF9B /* Project object */ = {
			isa = PBXProject;
			attributes = {
				BuildIndependentTargetsInParallel = 1;
				LastSwiftUpdateCheck = 1630;
				LastUpgradeCheck = 1630;
				TargetAttributes = {
					63C057412DD2F6530044CF9B = {
						CreatedOnToolsVersion = 16.3;
					};
				};
			};
			buildConfigurationList = 63C0573D2DD2F6530044CF9B /* Build configuration list for PBXProject "DronePass" */;
			developmentRegion = ko;
			hasScannedForEncodings = 0;
			knownRegions = (
				Base,
				ko,
			);
			mainGroup = 63C057392DD2F6530044CF9B;
			minimizedProjectReferenceProxies = 1;
			packageReferences = (
				631AB3592DD389FC005AA749 /* XCRemoteSwiftPackageReference "SPM-NMapsMap" */,
				63C8059F2DE30D1E00F3428B /* XCRemoteSwiftPackageReference "Solar" */,
				634E3FB72E2E7E5600C60E43 /* XCRemoteSwiftPackageReference "firebase-ios-sdk" */,
			);
			preferredProjectObjectVersion = 77;
			productRefGroup = 63C057432DD2F6530044CF9B /* Products */;
			projectDirPath = "";
			projectRoot = "";
			targets = (
				63C057412DD2F6530044CF9B /* DronePass */,
			);
		};
/* End PBXProject section */

/* Begin PBXResourcesBuildPhase section */
		63C057402DD2F6530044CF9B /* Resources */ = {
			isa = PBXResourcesBuildPhase;
			buildActionMask = 2147483647;
			files = (
				63970D3F2DE9C93400E11238 /* Assets.xcassets in Resources */,
				63D1F39C2E0AB5B700E1E51E /* LaunchScreen.storyboard in Resources */,
				634E3FB62E2E760300C60E43 /* GoogleService-Info.plist in Resources */,
			);
			runOnlyForDeploymentPostprocessing = 0;
		};
/* End PBXResourcesBuildPhase section */

/* Begin PBXSourcesBuildPhase section */
		63C0573E2DD2F6530044CF9B /* Sources */ = {
			isa = PBXSourcesBuildPhase;
			buildActionMask = 2147483647;
			files = (
				63AB0F8E2E1D64AC001F304E /* TermsOfServiceView.swift in Sources */,
				630384C92E02B391007684D1 /* NaverGeocodingModels.swift in Sources */,
				633F13C82DF842F300BBDD38 /* MapViewModel.swift in Sources */,
				633F13C92DF842F300BBDD38 /* NaverMapView.swift in Sources */,
				63AB0F8C2E1D649A001F304E /* PrivacyPolicyView.swift in Sources */,
				63970D462DE9C93400E11238 /* PlaceShape.swift in Sources */,
				6337C4D12DF98F4E00089659 /* ShapeEditView.swift in Sources */,
				63970D482DE9C93400E11238 /* LocationManager.swift in Sources */,
				633F13CF2DF8941600BBDD38 /* SettingView.swift in Sources */,
				63970D492DE9C93400E11238 /* ColorManager.swift in Sources */,
				632D56F02E05B0B90029ADE5 /* PatchNotesView.swift in Sources */,
				63970D542DE9C93400E11238 /* DateFormatter+Korean.swift in Sources */,
				6362E56A2E2F8FF400402B39 /* ProfileView.swift in Sources */,
				6383D99D2E0298C60033550D /* SearchingAddressView.swift in Sources */,
				63970D582DE9C93400E11238 /* AppInfo.swift in Sources */,
				63C2D7E02E0EC20E006FFF21 /* DateTimeSelectionView.swift in Sources */,
				6337C4CB2DF9885B00089659 /* SavedTableListView.swift in Sources */,
				63970D5B2DE9C93400E11238 /* Coordinate.swift in Sources */,
				63AB0F902E1D64EF001F304E /* LocationTermsView.swift in Sources */,
				632D56F42E05C23D0029ADE5 /* AppInfoView.swift in Sources */,
				63970D5D2DE9C93400E11238 /* SettingManager.swift in Sources */,
				63AB0F8A2E1D5ADF001F304E /* LoginView.swift in Sources */,
				63AB0F922E1D69E7001F304E /* TermsAndPoliciesView.swift in Sources */,
				634E3FC22E2E96D000C60E43 /* LoginManager.swift in Sources */,
				63970D5E2DE9C93400E11238 /* NaverGeocodingService.swift in Sources */,
				63970D612DE9C93400E11238 /* ShapeManager.swift in Sources */,
				6337C4CF2DF98ECA00089659 /* ShapeDetailView.swift in Sources */,
				63970D682DE9C93400E11238 /* PlaceShapeStore.swift in Sources */,
				633F13AA2DF8340400BBDD38 /* MainView.swift in Sources */,
				63970D692DE9C93400E11238 /* ShapeSelectionCoordinator.swift in Sources */,
				633F13D12DF89AF500BBDD38 /* ColorPickerView.swift in Sources */,
				633F13CD2DF888CD00BBDD38 /* DronePassApp.swift in Sources */,
				63970D6A2DE9C93400E11238 /* NotiName.swift in Sources */,
				630384CB2E02C716007684D1 /* CoordinateView.swift in Sources */,
				633F13CB2DF885DB00BBDD38 /* MainTabView.swift in Sources */,
			);
			runOnlyForDeploymentPostprocessing = 0;
		};
/* End PBXSourcesBuildPhase section */

/* Begin XCBuildConfiguration section */
		63C0576F2DD2F6540044CF9B /* Debug */ = {
			isa = XCBuildConfiguration;
			buildSettings = {
				ASSETCATALOG_COMPILER_APPICON_NAME = AppIcon;
				ASSETCATALOG_COMPILER_GLOBAL_ACCENT_COLOR_NAME = AccentColor;
				ASSETCATALOG_COMPILER_INCLUDE_ALL_APPICON_ASSETS = YES;
				CODE_SIGN_ENTITLEMENTS = DronePass/DronePass.entitlements;
				CODE_SIGN_STYLE = Automatic;
				CURRENT_PROJECT_VERSION = 34;
				DEVELOPMENT_TEAM = 4823B5JB69;
				GENERATE_INFOPLIST_FILE = YES;
				INFOPLIST_FILE = DronePass/Info.plist;
				INFOPLIST_KEY_CFBundleDisplayName = DronePass;
				INFOPLIST_KEY_LSApplicationCategoryType = "public.app-category.business";
				INFOPLIST_KEY_NSLocationWhenInUseUsageDescription = "";
				INFOPLIST_KEY_UIApplicationSupportsIndirectInputEvents = YES;
				INFOPLIST_KEY_UILaunchStoryboardName = LaunchScreen;
				INFOPLIST_KEY_UISupportedInterfaceOrientations = UIInterfaceOrientationPortrait;
				INFOPLIST_KEY_UISupportedInterfaceOrientations_iPad = "UIInterfaceOrientationLandscapeLeft UIInterfaceOrientationLandscapeRight UIInterfaceOrientationPortrait UIInterfaceOrientationPortraitUpsideDown";
				INFOPLIST_KEY_UIUserInterfaceStyle = Light;
				IPHONEOS_DEPLOYMENT_TARGET = 17.6;
				LD_RUNPATH_SEARCH_PATHS = (
					"$(inherited)",
					"@executable_path/Frameworks",
				);
				MARKETING_VERSION = 2.1.0;
				PRODUCT_BUNDLE_IDENTIFIER = com.ScienceFiction.DronePass;
				PRODUCT_NAME = "$(TARGET_NAME)";
				SUPPORTED_PLATFORMS = "iphoneos iphonesimulator";
				SUPPORTS_MACCATALYST = NO;
				SUPPORTS_XR_DESIGNED_FOR_IPHONE_IPAD = NO;
				SWIFT_EMIT_LOC_STRINGS = YES;
				SWIFT_VERSION = 5.0;
				TARGETED_DEVICE_FAMILY = "1,2";
			};
			name = Debug;
		};
		63C057702DD2F6540044CF9B /* Release */ = {
			isa = XCBuildConfiguration;
			buildSettings = {
				ASSETCATALOG_COMPILER_APPICON_NAME = AppIcon;
				ASSETCATALOG_COMPILER_GLOBAL_ACCENT_COLOR_NAME = AccentColor;
				ASSETCATALOG_COMPILER_INCLUDE_ALL_APPICON_ASSETS = YES;
				CODE_SIGN_ENTITLEMENTS = DronePass/DronePass.entitlements;
				CODE_SIGN_STYLE = Automatic;
				CURRENT_PROJECT_VERSION = 34;
				DEVELOPMENT_TEAM = 4823B5JB69;
				GENERATE_INFOPLIST_FILE = YES;
				INFOPLIST_FILE = DronePass/Info.plist;
				INFOPLIST_KEY_CFBundleDisplayName = DronePass;
				INFOPLIST_KEY_LSApplicationCategoryType = "public.app-category.business";
				INFOPLIST_KEY_NSLocationWhenInUseUsageDescription = "";
				INFOPLIST_KEY_UIApplicationSupportsIndirectInputEvents = YES;
				INFOPLIST_KEY_UILaunchStoryboardName = LaunchScreen;
				INFOPLIST_KEY_UISupportedInterfaceOrientations = UIInterfaceOrientationPortrait;
				INFOPLIST_KEY_UISupportedInterfaceOrientations_iPad = "UIInterfaceOrientationLandscapeLeft UIInterfaceOrientationLandscapeRight UIInterfaceOrientationPortrait UIInterfaceOrientationPortraitUpsideDown";
				INFOPLIST_KEY_UIUserInterfaceStyle = Light;
				IPHONEOS_DEPLOYMENT_TARGET = 17.6;
				LD_RUNPATH_SEARCH_PATHS = (
					"$(inherited)",
					"@executable_path/Frameworks",
				);
				MARKETING_VERSION = 2.1.0;
				PRODUCT_BUNDLE_IDENTIFIER = com.ScienceFiction.DronePass;
				PRODUCT_NAME = "$(TARGET_NAME)";
				SUPPORTED_PLATFORMS = "iphoneos iphonesimulator";
				SUPPORTS_MACCATALYST = NO;
				SUPPORTS_XR_DESIGNED_FOR_IPHONE_IPAD = NO;
				SWIFT_EMIT_LOC_STRINGS = YES;
				SWIFT_VERSION = 5.0;
				TARGETED_DEVICE_FAMILY = "1,2";
			};
			name = Release;
		};
		63C057712DD2F6540044CF9B /* Debug */ = {
			isa = XCBuildConfiguration;
			buildSettings = {
				ALWAYS_SEARCH_USER_PATHS = NO;
				ASSETCATALOG_COMPILER_GENERATE_SWIFT_ASSET_SYMBOL_EXTENSIONS = YES;
				CLANG_ANALYZER_LOCALIZABILITY_NONLOCALIZED = YES;
				CLANG_ANALYZER_NONNULL = YES;
				CLANG_ANALYZER_NUMBER_OBJECT_CONVERSION = YES_AGGRESSIVE;
				CLANG_CXX_LANGUAGE_STANDARD = "gnu++20";
				CLANG_ENABLE_MODULES = YES;
				CLANG_ENABLE_OBJC_ARC = YES;
				CLANG_ENABLE_OBJC_WEAK = YES;
				CLANG_WARN_BLOCK_CAPTURE_AUTORELEASING = YES;
				CLANG_WARN_BOOL_CONVERSION = YES;
				CLANG_WARN_COMMA = YES;
				CLANG_WARN_CONSTANT_CONVERSION = YES;
				CLANG_WARN_DEPRECATED_OBJC_IMPLEMENTATIONS = YES;
				CLANG_WARN_DIRECT_OBJC_ISA_USAGE = YES_ERROR;
				CLANG_WARN_DOCUMENTATION_COMMENTS = YES;
				CLANG_WARN_EMPTY_BODY = YES;
				CLANG_WARN_ENUM_CONVERSION = YES;
				CLANG_WARN_INFINITE_RECURSION = YES;
				CLANG_WARN_INT_CONVERSION = YES;
				CLANG_WARN_NON_LITERAL_NULL_CONVERSION = YES;
				CLANG_WARN_OBJC_IMPLICIT_RETAIN_SELF = YES;
				CLANG_WARN_OBJC_LITERAL_CONVERSION = YES;
				CLANG_WARN_OBJC_ROOT_CLASS = YES_ERROR;
				CLANG_WARN_QUOTED_INCLUDE_IN_FRAMEWORK_HEADER = YES;
				CLANG_WARN_RANGE_LOOP_ANALYSIS = YES;
				CLANG_WARN_STRICT_PROTOTYPES = YES;
				CLANG_WARN_SUSPICIOUS_MOVE = YES;
				CLANG_WARN_UNGUARDED_AVAILABILITY = YES_AGGRESSIVE;
				CLANG_WARN_UNREACHABLE_CODE = YES;
				CLANG_WARN__DUPLICATE_METHOD_MATCH = YES;
				COPY_PHASE_STRIP = NO;
				DEBUG_INFORMATION_FORMAT = dwarf;
				DEVELOPMENT_TEAM = 4823B5JB69;
				ENABLE_STRICT_OBJC_MSGSEND = YES;
				ENABLE_TESTABILITY = YES;
				ENABLE_USER_SCRIPT_SANDBOXING = YES;
				GCC_C_LANGUAGE_STANDARD = gnu17;
				GCC_DYNAMIC_NO_PIC = NO;
				GCC_NO_COMMON_BLOCKS = YES;
				GCC_OPTIMIZATION_LEVEL = 0;
				GCC_PREPROCESSOR_DEFINITIONS = (
					"DEBUG=1",
					"$(inherited)",
				);
				GCC_WARN_64_TO_32_BIT_CONVERSION = YES;
				GCC_WARN_ABOUT_RETURN_TYPE = YES_ERROR;
				GCC_WARN_UNDECLARED_SELECTOR = YES;
				GCC_WARN_UNINITIALIZED_AUTOS = YES_AGGRESSIVE;
				GCC_WARN_UNUSED_FUNCTION = YES;
				GCC_WARN_UNUSED_VARIABLE = YES;
				IPHONEOS_DEPLOYMENT_TARGET = 18.4;
				LOCALIZATION_PREFERS_STRING_CATALOGS = YES;
				MTL_ENABLE_DEBUG_INFO = INCLUDE_SOURCE;
				MTL_FAST_MATH = YES;
				ONLY_ACTIVE_ARCH = YES;
				SDKROOT = iphoneos;
				SWIFT_ACTIVE_COMPILATION_CONDITIONS = "DEBUG $(inherited)";
				SWIFT_OPTIMIZATION_LEVEL = "-Onone";
			};
			name = Debug;
		};
		63C057722DD2F6540044CF9B /* Release */ = {
			isa = XCBuildConfiguration;
			buildSettings = {
				ALWAYS_SEARCH_USER_PATHS = NO;
				ASSETCATALOG_COMPILER_GENERATE_SWIFT_ASSET_SYMBOL_EXTENSIONS = YES;
				CLANG_ANALYZER_LOCALIZABILITY_NONLOCALIZED = YES;
				CLANG_ANALYZER_NONNULL = YES;
				CLANG_ANALYZER_NUMBER_OBJECT_CONVERSION = YES_AGGRESSIVE;
				CLANG_CXX_LANGUAGE_STANDARD = "gnu++20";
				CLANG_ENABLE_MODULES = YES;
				CLANG_ENABLE_OBJC_ARC = YES;
				CLANG_ENABLE_OBJC_WEAK = YES;
				CLANG_WARN_BLOCK_CAPTURE_AUTORELEASING = YES;
				CLANG_WARN_BOOL_CONVERSION = YES;
				CLANG_WARN_COMMA = YES;
				CLANG_WARN_CONSTANT_CONVERSION = YES;
				CLANG_WARN_DEPRECATED_OBJC_IMPLEMENTATIONS = YES;
				CLANG_WARN_DIRECT_OBJC_ISA_USAGE = YES_ERROR;
				CLANG_WARN_DOCUMENTATION_COMMENTS = YES;
				CLANG_WARN_EMPTY_BODY = YES;
				CLANG_WARN_ENUM_CONVERSION = YES;
				CLANG_WARN_INFINITE_RECURSION = YES;
				CLANG_WARN_INT_CONVERSION = YES;
				CLANG_WARN_NON_LITERAL_NULL_CONVERSION = YES;
				CLANG_WARN_OBJC_IMPLICIT_RETAIN_SELF = YES;
				CLANG_WARN_OBJC_LITERAL_CONVERSION = YES;
				CLANG_WARN_OBJC_ROOT_CLASS = YES_ERROR;
				CLANG_WARN_QUOTED_INCLUDE_IN_FRAMEWORK_HEADER = YES;
				CLANG_WARN_RANGE_LOOP_ANALYSIS = YES;
				CLANG_WARN_STRICT_PROTOTYPES = YES;
				CLANG_WARN_SUSPICIOUS_MOVE = YES;
				CLANG_WARN_UNGUARDED_AVAILABILITY = YES_AGGRESSIVE;
				CLANG_WARN_UNREACHABLE_CODE = YES;
				CLANG_WARN__DUPLICATE_METHOD_MATCH = YES;
				COPY_PHASE_STRIP = NO;
				DEBUG_INFORMATION_FORMAT = "dwarf-with-dsym";
				DEVELOPMENT_TEAM = 4823B5JB69;
				ENABLE_NS_ASSERTIONS = NO;
				ENABLE_STRICT_OBJC_MSGSEND = YES;
				ENABLE_USER_SCRIPT_SANDBOXING = YES;
				GCC_C_LANGUAGE_STANDARD = gnu17;
				GCC_NO_COMMON_BLOCKS = YES;
				GCC_WARN_64_TO_32_BIT_CONVERSION = YES;
				GCC_WARN_ABOUT_RETURN_TYPE = YES_ERROR;
				GCC_WARN_UNDECLARED_SELECTOR = YES;
				GCC_WARN_UNINITIALIZED_AUTOS = YES_AGGRESSIVE;
				GCC_WARN_UNUSED_FUNCTION = YES;
				GCC_WARN_UNUSED_VARIABLE = YES;
				IPHONEOS_DEPLOYMENT_TARGET = 18.4;
				LOCALIZATION_PREFERS_STRING_CATALOGS = YES;
				MTL_ENABLE_DEBUG_INFO = NO;
				MTL_FAST_MATH = YES;
				SDKROOT = iphoneos;
				SWIFT_COMPILATION_MODE = wholemodule;
				VALIDATE_PRODUCT = YES;
			};
			name = Release;
		};
/* End XCBuildConfiguration section */

/* Begin XCConfigurationList section */
		63C0573D2DD2F6530044CF9B /* Build configuration list for PBXProject "DronePass" */ = {
			isa = XCConfigurationList;
			buildConfigurations = (
				63C057712DD2F6540044CF9B /* Debug */,
				63C057722DD2F6540044CF9B /* Release */,
			);
			defaultConfigurationIsVisible = 0;
			defaultConfigurationName = Release;
		};
		63C0576E2DD2F6540044CF9B /* Build configuration list for PBXNativeTarget "DronePass" */ = {
			isa = XCConfigurationList;
			buildConfigurations = (
				63C0576F2DD2F6540044CF9B /* Debug */,
				63C057702DD2F6540044CF9B /* Release */,
			);
			defaultConfigurationIsVisible = 0;
			defaultConfigurationName = Release;
		};
/* End XCConfigurationList section */

/* Begin XCRemoteSwiftPackageReference section */
		631AB3592DD389FC005AA749 /* XCRemoteSwiftPackageReference "SPM-NMapsMap" */ = {
			isa = XCRemoteSwiftPackageReference;
			repositoryURL = "https://github.com/navermaps/SPM-NMapsMap";
			requirement = {
				kind = upToNextMajorVersion;
				minimumVersion = 3.21.0;
			};
		};
		634E3FB72E2E7E5600C60E43 /* XCRemoteSwiftPackageReference "firebase-ios-sdk" */ = {
			isa = XCRemoteSwiftPackageReference;
			repositoryURL = "https://github.com/firebase/firebase-ios-sdk";
			requirement = {
				kind = upToNextMajorVersion;
				minimumVersion = 12.0.0;
			};
		};
		63C8059F2DE30D1E00F3428B /* XCRemoteSwiftPackageReference "Solar" */ = {
			isa = XCRemoteSwiftPackageReference;
			repositoryURL = "https://github.com/ceeK/Solar.git";
			requirement = {
				kind = upToNextMajorVersion;
				minimumVersion = 3.0.1;
			};
		};
/* End XCRemoteSwiftPackageReference section */

/* Begin XCSwiftPackageProductDependency section */
		631AB35A2DD389FC005AA749 /* NMapsMap */ = {
			isa = XCSwiftPackageProductDependency;
			package = 631AB3592DD389FC005AA749 /* XCRemoteSwiftPackageReference "SPM-NMapsMap" */;
			productName = NMapsMap;
		};
		634E3FB82E2E7E5600C60E43 /* FirebaseAnalytics */ = {
			isa = XCSwiftPackageProductDependency;
			package = 634E3FB72E2E7E5600C60E43 /* XCRemoteSwiftPackageReference "firebase-ios-sdk" */;
			productName = FirebaseAnalytics;
		};
		634E3FBA2E2E7E5600C60E43 /* FirebaseAuth */ = {
			isa = XCSwiftPackageProductDependency;
			package = 634E3FB72E2E7E5600C60E43 /* XCRemoteSwiftPackageReference "firebase-ios-sdk" */;
			productName = FirebaseAuth;
		};
		634E3FBC2E2E7E5600C60E43 /* FirebaseFirestore */ = {
			isa = XCSwiftPackageProductDependency;
			package = 634E3FB72E2E7E5600C60E43 /* XCRemoteSwiftPackageReference "firebase-ios-sdk" */;
			productName = FirebaseFirestore;
		};
		634E3FBE2E2E7E5600C60E43 /* FirebaseStorage */ = {
			isa = XCSwiftPackageProductDependency;
			package = 634E3FB72E2E7E5600C60E43 /* XCRemoteSwiftPackageReference "firebase-ios-sdk" */;
			productName = FirebaseStorage;
		};
		63C805A02DE30E9000F3428B /* Solar */ = {
			isa = XCSwiftPackageProductDependency;
			package = 63C8059F2DE30D1E00F3428B /* XCRemoteSwiftPackageReference "Solar" */;
			productName = Solar;
		};
/* End XCSwiftPackageProductDependency section */
	};
	rootObject = 63C0573A2DD2F6530044CF9B /* Project object */;
}
