{
  "originHash" : "87b4cf56d362a5a0f48c31fee9a3bd44527feeab5119b9e2dff49453c9acdfa7",
  "pins" : [
    {
      "identity" : "solar",
      "kind" : "remoteSourceControl",
      "location" : "https://github.com/ceeK/Solar.git",
      "state" : {
        "revision" : "c2b96f2d5fb7f835b91cefac5e83101f54643901",
        "version" : "3.0.1"
      }
    },
    {
      "identity" : "spm-nmapsgeometry",
      "kind" : "remoteSourceControl",
      "location" : "https://github.com/navermaps/SPM-NMapsGeometry.git",
      "state" : {
        "revision" : "436d5e2e684f557faf5ef5862fd6633a42d7af11",
        "version" : "1.0.2"
      }
    },
    {
      "identity" : "spm-nmapsmap",
      "kind" : "remoteSourceControl",
      "location" : "https://github.com/navermaps/SPM-NMapsMap",
      "state" : {
        "revision" : "ad89e53fdfec3b8d8994280fb0414b5a7b1c3e8e",
        "version" : "3.21.0"
      }
    }
  ],
  "version" : 3
}
